// !$*UTF8*$!
{
	archiveVersion = 1;
	classes = {
	};
	objectVersion = 51;
	objects = {

/* Begin PBXBuildFile section */
		02B17399CF01D9BBFA0BF52A /* Pods_BsAsTennisTour.framework in Frameworks */ = {isa = PBXBuildFile; fileRef = 8FA49D5C5757E2CFD8DE47DB /* Pods_BsAsTennisTour.framework */; };
		A5501530260EB39600E3040F /* MyTorneosTableCell.swift in Sources */ = {isa = PBXBuildFile; fileRef = A550152F260EB39600E3040F /* MyTorneosTableCell.swift */; };
		A5501536260EB99F00E3040F /* TouramentVC.swift in Sources */ = {isa = PBXBuildFile; fileRef = A5501535260EB99F00E3040F /* TouramentVC.swift */; };
		A55273332650953D0024486C /* MatchesVC.swift in Sources */ = {isa = PBXBuildFile; fileRef = A55273322650953D0024486C /* MatchesVC.swift */; };
		A5527338265095D70024486C /* ConfigVC.swift in Sources */ = {isa = PBXBuildFile; fileRef = A5527337265095D70024486C /* ConfigVC.swift */; };
		A55280862573FFF900C35BFD /* RankingTableCell.swift in Sources */ = {isa = PBXBuildFile; fileRef = A55280852573FFF900C35BFD /* RankingTableCell.swift */; };
		A5535F4D25716B0000C68F16 /* NewsCollectionCell.swift in Sources */ = {isa = PBXBuildFile; fileRef = A5535F4C25716B0000C68F16 /* NewsCollectionCell.swift */; };
		A5535F5225731E1E00C68F16 /* UserMainTabBar.swift in Sources */ = {isa = PBXBuildFile; fileRef = A5535F5125731E1E00C68F16 /* UserMainTabBar.swift */; };
		A5535F5A257321AA00C68F16 /* UserRankingVC.swift in Sources */ = {isa = PBXBuildFile; fileRef = A5535F59257321AA00C68F16 /* UserRankingVC.swift */; };
		A55F475B257BEE7900F80B82 /* MyTrophysCell.swift in Sources */ = {isa = PBXBuildFile; fileRef = A55F475A257BEE7900F80B82 /* MyTrophysCell.swift */; };
		A55F4760257E917C00F80B82 /* MyExpCell.swift in Sources */ = {isa = PBXBuildFile; fileRef = A55F475F257E917C00F80B82 /* MyExpCell.swift */; };
		A56A224526AA6A39003017A1 /* ZonesTVCell.swift in Sources */ = {isa = PBXBuildFile; fileRef = A56A224426AA6A39003017A1 /* ZonesTVCell.swift */; };
		A56A224726AA6C85003017A1 /* LlavesCell.swift in Sources */ = {isa = PBXBuildFile; fileRef = A56A224626AA6C85003017A1 /* LlavesCell.swift */; };
		A56A224926AA75D3003017A1 /* LlavesTableViewCell.swift in Sources */ = {isa = PBXBuildFile; fileRef = A56A224826AA75D3003017A1 /* LlavesTableViewCell.swift */; };
		A5703D7926AE6C5500EFB502 /* ZonesCVCell.swift in Sources */ = {isa = PBXBuildFile; fileRef = A5703D7826AE6C5500EFB502 /* ZonesCVCell.swift */; };
		A5703D7B26AFB02400EFB502 /* GoogleService-Info.plist in Resources */ = {isa = PBXBuildFile; fileRef = A5703D7A26AFB02400EFB502 /* GoogleService-Info.plist */; };
		A5703D7D26B3A09500EFB502 /* Extensions.swift in Sources */ = {isa = PBXBuildFile; fileRef = A5703D7C26B3A09500EFB502 /* Extensions.swift */; };
		A5703D8026B73AAA00EFB502 /* AdminTourVC.swift in Sources */ = {isa = PBXBuildFile; fileRef = A5703D7F26B73AAA00EFB502 /* AdminTourVC.swift */; };
		A5703D8226B73C0900EFB502 /* AdminMainTabBar.swift in Sources */ = {isa = PBXBuildFile; fileRef = A5703D8126B73C0900EFB502 /* AdminMainTabBar.swift */; };
		A5703D8426B7460800EFB502 /* CreateNewTourVC.swift in Sources */ = {isa = PBXBuildFile; fileRef = A5703D8326B7460800EFB502 /* CreateNewTourVC.swift */; };
		A57D40D9265DF20600C3738D /* ToursCollectionViewCell.swift in Sources */ = {isa = PBXBuildFile; fileRef = A57D40D8265DF20600C3738D /* ToursCollectionViewCell.swift */; };
		A58BBA9F266D7C5D00BF89D8 /* MatchesTableCell.swift in Sources */ = {isa = PBXBuildFile; fileRef = A58BBA9E266D7C5D00BF89D8 /* MatchesTableCell.swift */; };
		A58BBAA1266DBD0100BF89D8 /* MatchesCVCell.swift in Sources */ = {isa = PBXBuildFile; fileRef = A58BBAA0266DBD0100BF89D8 /* MatchesCVCell.swift */; };
		A5B4F1EF256DB3A4008D0095 /* AppDelegate.swift in Sources */ = {isa = PBXBuildFile; fileRef = A5B4F1EE256DB3A4008D0095 /* AppDelegate.swift */; };
		A5B4F1F1256DB3A4008D0095 /* SceneDelegate.swift in Sources */ = {isa = PBXBuildFile; fileRef = A5B4F1F0256DB3A4008D0095 /* SceneDelegate.swift */; };
		A5B4F1F3256DB3A4008D0095 /* ViewController.swift in Sources */ = {isa = PBXBuildFile; fileRef = A5B4F1F2256DB3A4008D0095 /* ViewController.swift */; };
		A5B4F1F8256DB3A5008D0095 /* Assets.xcassets in Resources */ = {isa = PBXBuildFile; fileRef = A5B4F1F7256DB3A5008D0095 /* Assets.xcassets */; };
		A5B4F1FB256DB3A5008D0095 /* LaunchScreen.storyboard in Resources */ = {isa = PBXBuildFile; fileRef = A5B4F1F9256DB3A5008D0095 /* LaunchScreen.storyboard */; };
		A5B4F206256DB3A5008D0095 /* BsAsTennisAcademyTests.swift in Sources */ = {isa = PBXBuildFile; fileRef = A5B4F205256DB3A5008D0095 /* BsAsTennisAcademyTests.swift */; };
		A5B4F211256DB3A5008D0095 /* BsAsTennisAcademyUITests.swift in Sources */ = {isa = PBXBuildFile; fileRef = A5B4F210256DB3A5008D0095 /* BsAsTennisAcademyUITests.swift */; };
		A5B4F225256DDBCE008D0095 /* Colors.swift in Sources */ = {isa = PBXBuildFile; fileRef = A5B4F224256DDBCE008D0095 /* Colors.swift */; };
		A5B4F22A256EB23D008D0095 /* UserMainVC.swift in Sources */ = {isa = PBXBuildFile; fileRef = A5B4F229256EB23D008D0095 /* UserMainVC.swift */; };
		A5B4F22F256ECE8D008D0095 /* ProfesorCollectionCell.swift in Sources */ = {isa = PBXBuildFile; fileRef = A5B4F22E256ECE8D008D0095 /* ProfesorCollectionCell.swift */; };
		A5B4F234256F2384008D0095 /* TorneosTableCell.swift in Sources */ = {isa = PBXBuildFile; fileRef = A5B4F233256F2384008D0095 /* TorneosTableCell.swift */; };
		A5B4F239256F506A008D0095 /* InscriptionsVC.swift in Sources */ = {isa = PBXBuildFile; fileRef = A5B4F238256F506A008D0095 /* InscriptionsVC.swift */; };
		A5B4F24025700A1E008D0095 /* InscriptionsCell.swift in Sources */ = {isa = PBXBuildFile; fileRef = A5B4F23F25700A1E008D0095 /* InscriptionsCell.swift */; };
		A5B4F24825700CF4008D0095 /* AllStructs.swift in Sources */ = {isa = PBXBuildFile; fileRef = A5B4F24725700CF4008D0095 /* AllStructs.swift */; };
		A5B4F24D25702028008D0095 /* TorneoInfoCell.swift in Sources */ = {isa = PBXBuildFile; fileRef = A5B4F24C25702028008D0095 /* TorneoInfoCell.swift */; };
		A5EE08AE26A770970055BEFD /* LiveTableViewCell.swift in Sources */ = {isa = PBXBuildFile; fileRef = A5EE08AD26A770970055BEFD /* LiveTableViewCell.swift */; };
		A5EFF600265B248C00C89BDA /* RankCollectionCell.swift in Sources */ = {isa = PBXBuildFile; fileRef = A5EFF5FF265B248C00C89BDA /* RankCollectionCell.swift */; };
/* End PBXBuildFile section */

/* Begin PBXContainerItemProxy section */
		A5B4F202256DB3A5008D0095 /* PBXContainerItemProxy */ = {
			isa = PBXContainerItemProxy;
			containerPortal = A5B4F1E3256DB3A4008D0095 /* Project object */;
			proxyType = 1;
			remoteGlobalIDString = A5B4F1EA256DB3A4008D0095;
			remoteInfo = BsAsTennisAcademy;
		};
		A5B4F20D256DB3A5008D0095 /* PBXContainerItemProxy */ = {
			isa = PBXContainerItemProxy;
			containerPortal = A5B4F1E3256DB3A4008D0095 /* Project object */;
			proxyType = 1;
			remoteGlobalIDString = A5B4F1EA256DB3A4008D0095;
			remoteInfo = BsAsTennisAcademy;
		};
/* End PBXContainerItemProxy section */

/* Begin PBXFileReference section */
		1DAF0BE9787017BE52DEBA57 /* Pods-BsAsTennisTour.release.xcconfig */ = {isa = PBXFileReference; includeInIndex = 1; lastKnownFileType = text.xcconfig; name = "Pods-BsAsTennisTour.release.xcconfig"; path = "Target Support Files/Pods-BsAsTennisTour/Pods-BsAsTennisTour.release.xcconfig"; sourceTree = "<group>"; };
		79FD11E6615FB5FECBEDB3B1 /* Pods-BsAsTennisTour.debug.xcconfig */ = {isa = PBXFileReference; includeInIndex = 1; lastKnownFileType = text.xcconfig; name = "Pods-BsAsTennisTour.debug.xcconfig"; path = "Target Support Files/Pods-BsAsTennisTour/Pods-BsAsTennisTour.debug.xcconfig"; sourceTree = "<group>"; };
		8FA49D5C5757E2CFD8DE47DB /* Pods_BsAsTennisTour.framework */ = {isa = PBXFileReference; explicitFileType = wrapper.framework; includeInIndex = 0; path = Pods_BsAsTennisTour.framework; sourceTree = BUILT_PRODUCTS_DIR; };
		A550152F260EB39600E3040F /* MyTorneosTableCell.swift */ = {isa = PBXFileReference; lastKnownFileType = sourcecode.swift; path = MyTorneosTableCell.swift; sourceTree = "<group>"; };
		A5501535260EB99F00E3040F /* TouramentVC.swift */ = {isa = PBXFileReference; lastKnownFileType = sourcecode.swift; path = TouramentVC.swift; sourceTree = "<group>"; };
		A55273322650953D0024486C /* MatchesVC.swift */ = {isa = PBXFileReference; lastKnownFileType = sourcecode.swift; path = MatchesVC.swift; sourceTree = "<group>"; };
		A5527337265095D70024486C /* ConfigVC.swift */ = {isa = PBXFileReference; lastKnownFileType = sourcecode.swift; path = ConfigVC.swift; sourceTree = "<group>"; };
		A55280852573FFF900C35BFD /* RankingTableCell.swift */ = {isa = PBXFileReference; lastKnownFileType = sourcecode.swift; path = RankingTableCell.swift; sourceTree = "<group>"; };
		A5535F4C25716B0000C68F16 /* NewsCollectionCell.swift */ = {isa = PBXFileReference; lastKnownFileType = sourcecode.swift; path = NewsCollectionCell.swift; sourceTree = "<group>"; };
		A5535F5125731E1E00C68F16 /* UserMainTabBar.swift */ = {isa = PBXFileReference; lastKnownFileType = sourcecode.swift; path = UserMainTabBar.swift; sourceTree = "<group>"; };
		A5535F59257321AA00C68F16 /* UserRankingVC.swift */ = {isa = PBXFileReference; lastKnownFileType = sourcecode.swift; path = UserRankingVC.swift; sourceTree = "<group>"; };
		A55F475A257BEE7900F80B82 /* MyTrophysCell.swift */ = {isa = PBXFileReference; lastKnownFileType = sourcecode.swift; path = MyTrophysCell.swift; sourceTree = "<group>"; };
		A55F475F257E917C00F80B82 /* MyExpCell.swift */ = {isa = PBXFileReference; lastKnownFileType = sourcecode.swift; path = MyExpCell.swift; sourceTree = "<group>"; };
		A56A224426AA6A39003017A1 /* ZonesTVCell.swift */ = {isa = PBXFileReference; lastKnownFileType = sourcecode.swift; path = ZonesTVCell.swift; sourceTree = "<group>"; };
		A56A224626AA6C85003017A1 /* LlavesCell.swift */ = {isa = PBXFileReference; lastKnownFileType = sourcecode.swift; path = LlavesCell.swift; sourceTree = "<group>"; };
		A56A224826AA75D3003017A1 /* LlavesTableViewCell.swift */ = {isa = PBXFileReference; lastKnownFileType = sourcecode.swift; path = LlavesTableViewCell.swift; sourceTree = "<group>"; };
		A5703D7826AE6C5500EFB502 /* ZonesCVCell.swift */ = {isa = PBXFileReference; lastKnownFileType = sourcecode.swift; path = ZonesCVCell.swift; sourceTree = "<group>"; };
		A5703D7A26AFB02400EFB502 /* GoogleService-Info.plist */ = {isa = PBXFileReference; fileEncoding = 4; lastKnownFileType = text.plist.xml; name = "GoogleService-Info.plist"; path = "../../../../../Downloads/GoogleService-Info.plist"; sourceTree = "<group>"; };
		A5703D7C26B3A09500EFB502 /* Extensions.swift */ = {isa = PBXFileReference; lastKnownFileType = sourcecode.swift; path = Extensions.swift; sourceTree = "<group>"; };
		A5703D7F26B73AAA00EFB502 /* AdminTourVC.swift */ = {isa = PBXFileReference; lastKnownFileType = sourcecode.swift; path = AdminTourVC.swift; sourceTree = "<group>"; };
		A5703D8126B73C0900EFB502 /* AdminMainTabBar.swift */ = {isa = PBXFileReference; lastKnownFileType = sourcecode.swift; path = AdminMainTabBar.swift; sourceTree = "<group>"; };
		A5703D8326B7460800EFB502 /* CreateNewTourVC.swift */ = {isa = PBXFileReference; lastKnownFileType = sourcecode.swift; path = CreateNewTourVC.swift; sourceTree = "<group>"; };
		A57D40D8265DF20600C3738D /* ToursCollectionViewCell.swift */ = {isa = PBXFileReference; lastKnownFileType = sourcecode.swift; path = ToursCollectionViewCell.swift; sourceTree = "<group>"; };
		A58BBA9E266D7C5D00BF89D8 /* MatchesTableCell.swift */ = {isa = PBXFileReference; lastKnownFileType = sourcecode.swift; path = MatchesTableCell.swift; sourceTree = "<group>"; };
		A58BBAA0266DBD0100BF89D8 /* MatchesCVCell.swift */ = {isa = PBXFileReference; lastKnownFileType = sourcecode.swift; path = MatchesCVCell.swift; sourceTree = "<group>"; };
		A5B4F1EB256DB3A4008D0095 /* BsAsTennisTour.app */ = {isa = PBXFileReference; explicitFileType = wrapper.application; includeInIndex = 0; path = BsAsTennisTour.app; sourceTree = BUILT_PRODUCTS_DIR; };
		A5B4F1EE256DB3A4008D0095 /* AppDelegate.swift */ = {isa = PBXFileReference; lastKnownFileType = sourcecode.swift; path = AppDelegate.swift; sourceTree = "<group>"; };
		A5B4F1F0256DB3A4008D0095 /* SceneDelegate.swift */ = {isa = PBXFileReference; lastKnownFileType = sourcecode.swift; path = SceneDelegate.swift; sourceTree = "<group>"; };
		A5B4F1F2256DB3A4008D0095 /* ViewController.swift */ = {isa = PBXFileReference; lastKnownFileType = sourcecode.swift; path = ViewController.swift; sourceTree = "<group>"; };
		A5B4F1F7256DB3A5008D0095 /* Assets.xcassets */ = {isa = PBXFileReference; lastKnownFileType = folder.assetcatalog; path = Assets.xcassets; sourceTree = "<group>"; };
		A5B4F1FA256DB3A5008D0095 /* Base */ = {isa = PBXFileReference; lastKnownFileType = file.storyboard; name = Base; path = Base.lproj/LaunchScreen.storyboard; sourceTree = "<group>"; };
		A5B4F1FC256DB3A5008D0095 /* Info.plist */ = {isa = PBXFileReference; lastKnownFileType = text.plist.xml; path = Info.plist; sourceTree = "<group>"; };
		A5B4F201256DB3A5008D0095 /* BsAsTennisTourTests.xctest */ = {isa = PBXFileReference; explicitFileType = wrapper.cfbundle; includeInIndex = 0; path = BsAsTennisTourTests.xctest; sourceTree = BUILT_PRODUCTS_DIR; };
		A5B4F205256DB3A5008D0095 /* BsAsTennisAcademyTests.swift */ = {isa = PBXFileReference; lastKnownFileType = sourcecode.swift; path = BsAsTennisAcademyTests.swift; sourceTree = "<group>"; };
		A5B4F207256DB3A5008D0095 /* Info.plist */ = {isa = PBXFileReference; lastKnownFileType = text.plist.xml; path = Info.plist; sourceTree = "<group>"; };
		A5B4F20C256DB3A5008D0095 /* BsAsTennisTourUITests.xctest */ = {isa = PBXFileReference; explicitFileType = wrapper.cfbundle; includeInIndex = 0; path = BsAsTennisTourUITests.xctest; sourceTree = BUILT_PRODUCTS_DIR; };
		A5B4F210256DB3A5008D0095 /* BsAsTennisAcademyUITests.swift */ = {isa = PBXFileReference; lastKnownFileType = sourcecode.swift; path = BsAsTennisAcademyUITests.swift; sourceTree = "<group>"; };
		A5B4F212256DB3A5008D0095 /* Info.plist */ = {isa = PBXFileReference; lastKnownFileType = text.plist.xml; path = Info.plist; sourceTree = "<group>"; };
		A5B4F224256DDBCE008D0095 /* Colors.swift */ = {isa = PBXFileReference; lastKnownFileType = sourcecode.swift; path = Colors.swift; sourceTree = "<group>"; };
		A5B4F229256EB23D008D0095 /* UserMainVC.swift */ = {isa = PBXFileReference; lastKnownFileType = sourcecode.swift; path = UserMainVC.swift; sourceTree = "<group>"; };
		A5B4F22E256ECE8D008D0095 /* ProfesorCollectionCell.swift */ = {isa = PBXFileReference; lastKnownFileType = sourcecode.swift; path = ProfesorCollectionCell.swift; sourceTree = "<group>"; };
		A5B4F233256F2384008D0095 /* TorneosTableCell.swift */ = {isa = PBXFileReference; lastKnownFileType = sourcecode.swift; path = TorneosTableCell.swift; sourceTree = "<group>"; };
		A5B4F238256F506A008D0095 /* InscriptionsVC.swift */ = {isa = PBXFileReference; lastKnownFileType = sourcecode.swift; path = InscriptionsVC.swift; sourceTree = "<group>"; };
		A5B4F23F25700A1E008D0095 /* InscriptionsCell.swift */ = {isa = PBXFileReference; lastKnownFileType = sourcecode.swift; path = InscriptionsCell.swift; sourceTree = "<group>"; };
		A5B4F24725700CF4008D0095 /* AllStructs.swift */ = {isa = PBXFileReference; lastKnownFileType = sourcecode.swift; path = AllStructs.swift; sourceTree = "<group>"; };
		A5B4F24C25702028008D0095 /* TorneoInfoCell.swift */ = {isa = PBXFileReference; lastKnownFileType = sourcecode.swift; path = TorneoInfoCell.swift; sourceTree = "<group>"; };
		A5EE08AD26A770970055BEFD /* LiveTableViewCell.swift */ = {isa = PBXFileReference; lastKnownFileType = sourcecode.swift; path = LiveTableViewCell.swift; sourceTree = "<group>"; };
		A5EFF5FF265B248C00C89BDA /* RankCollectionCell.swift */ = {isa = PBXFileReference; lastKnownFileType = sourcecode.swift; path = RankCollectionCell.swift; sourceTree = "<group>"; };
/* End PBXFileReference section */

/* Begin PBXFrameworksBuildPhase section */
		A5B4F1E8256DB3A4008D0095 /* Frameworks */ = {
			isa = PBXFrameworksBuildPhase;
			buildActionMask = 2147483647;
			files = (
				02B17399CF01D9BBFA0BF52A /* Pods_BsAsTennisTour.framework in Frameworks */,
			);
			runOnlyForDeploymentPostprocessing = 0;
		};
		A5B4F1FE256DB3A5008D0095 /* Frameworks */ = {
			isa = PBXFrameworksBuildPhase;
			buildActionMask = 2147483647;
			files = (
			);
			runOnlyForDeploymentPostprocessing = 0;
		};
		A5B4F209256DB3A5008D0095 /* Frameworks */ = {
			isa = PBXFrameworksBuildPhase;
			buildActionMask = 2147483647;
			files = (
			);
			runOnlyForDeploymentPostprocessing = 0;
		};
/* End PBXFrameworksBuildPhase section */

/* Begin PBXGroup section */
		2025105F6787D1AE702EDF44 /* Frameworks */ = {
			isa = PBXGroup;
			children = (
				8FA49D5C5757E2CFD8DE47DB /* Pods_BsAsTennisTour.framework */,
			);
			name = Frameworks;
			sourceTree = "<group>";
		};
		A383E0C124FD845DCFB095E2 /* Pods */ = {
			isa = PBXGroup;
			children = (
				79FD11E6615FB5FECBEDB3B1 /* Pods-BsAsTennisTour.debug.xcconfig */,
				1DAF0BE9787017BE52DEBA57 /* Pods-BsAsTennisTour.release.xcconfig */,
			);
			path = Pods;
			sourceTree = "<group>";
		};
		A5501534260EB96400E3040F /* Touraments & Match */ = {
			isa = PBXGroup;
			children = (
				A5501535260EB99F00E3040F /* TouramentVC.swift */,
				A57D40D8265DF20600C3738D /* ToursCollectionViewCell.swift */,
				A58BBAA0266DBD0100BF89D8 /* MatchesCVCell.swift */,
				A55273322650953D0024486C /* MatchesVC.swift */,
				A58BBA9E266D7C5D00BF89D8 /* MatchesTableCell.swift */,
			);
			path = "Touraments & Match";
			sourceTree = "<group>";
		};
		A553887C257731C6005AFC67 /* UserStats */ = {
			isa = PBXGroup;
			children = (
				A5535F59257321AA00C68F16 /* UserRankingVC.swift */,
				A55F475F257E917C00F80B82 /* MyExpCell.swift */,
				A55F475A257BEE7900F80B82 /* MyTrophysCell.swift */,
			);
			name = UserStats;
			sourceTree = "<group>";
		};
		A5703D7E26B73A7400EFB502 /* AdminTourament */ = {
			isa = PBXGroup;
			children = (
				A5703D7F26B73AAA00EFB502 /* AdminTourVC.swift */,
				A5703D8326B7460800EFB502 /* CreateNewTourVC.swift */,
			);
			name = AdminTourament;
			sourceTree = "<group>";
		};
		A5B4F1E2256DB3A4008D0095 = {
			isa = PBXGroup;
			children = (
				A5B4F1ED256DB3A4008D0095 /* BsAsTennisTour */,
				A5B4F204256DB3A5008D0095 /* BsAsTennisTourTests */,
				A5B4F20F256DB3A5008D0095 /* BsAsTennisTourUITests */,
				A5B4F1EC256DB3A4008D0095 /* Products */,
				A383E0C124FD845DCFB095E2 /* Pods */,
				2025105F6787D1AE702EDF44 /* Frameworks */,
			);
			sourceTree = "<group>";
		};
		A5B4F1EC256DB3A4008D0095 /* Products */ = {
			isa = PBXGroup;
			children = (
				A5B4F1EB256DB3A4008D0095 /* BsAsTennisTour.app */,
				A5B4F201256DB3A5008D0095 /* BsAsTennisTourTests.xctest */,
				A5B4F20C256DB3A5008D0095 /* BsAsTennisTourUITests.xctest */,
			);
			name = Products;
			sourceTree = "<group>";
		};
		A5B4F1ED256DB3A4008D0095 /* BsAsTennisTour */ = {
			isa = PBXGroup;
			children = (
				A5703D7E26B73A7400EFB502 /* AdminTourament */,
				A5501534260EB96400E3040F /* Touraments & Match */,
				A553887C257731C6005AFC67 /* UserStats */,
				A5B4F23E257009D3008D0095 /* Incriptions */,
				A5B4F23D257009C2008D0095 /* UserMain */,
				A5B4F1EE256DB3A4008D0095 /* AppDelegate.swift */,
				A5B4F1F0256DB3A4008D0095 /* SceneDelegate.swift */,
				A5B4F1F2256DB3A4008D0095 /* ViewController.swift */,
				A5B4F1F7256DB3A5008D0095 /* Assets.xcassets */,
				A5B4F1F9256DB3A5008D0095 /* LaunchScreen.storyboard */,
				A5B4F1FC256DB3A5008D0095 /* Info.plist */,
				A5703D7A26AFB02400EFB502 /* GoogleService-Info.plist */,
				A5B4F224256DDBCE008D0095 /* Colors.swift */,
				A5B4F24725700CF4008D0095 /* AllStructs.swift */,
				A5527337265095D70024486C /* ConfigVC.swift */,
				A5703D7C26B3A09500EFB502 /* Extensions.swift */,
			);
			path = BsAsTennisTour;
			sourceTree = "<group>";
		};
		A5B4F204256DB3A5008D0095 /* BsAsTennisTourTests */ = {
			isa = PBXGroup;
			children = (
				A5B4F205256DB3A5008D0095 /* BsAsTennisAcademyTests.swift */,
				A5B4F207256DB3A5008D0095 /* Info.plist */,
			);
			path = BsAsTennisTourTests;
			sourceTree = "<group>";
		};
		A5B4F20F256DB3A5008D0095 /* BsAsTennisTourUITests */ = {
			isa = PBXGroup;
			children = (
				A5B4F210256DB3A5008D0095 /* BsAsTennisAcademyUITests.swift */,
				A5B4F212256DB3A5008D0095 /* Info.plist */,
			);
			path = BsAsTennisTourUITests;
			sourceTree = "<group>";
		};
		A5B4F23D257009C2008D0095 /* UserMain */ = {
			isa = PBXGroup;
			children = (
				A5B4F229256EB23D008D0095 /* UserMainVC.swift */,
				A5EFF5FF265B248C00C89BDA /* RankCollectionCell.swift */,
				A5535F5125731E1E00C68F16 /* UserMainTabBar.swift */,
				A5535F4C25716B0000C68F16 /* NewsCollectionCell.swift */,
				A5B4F22E256ECE8D008D0095 /* ProfesorCollectionCell.swift */,
				A5B4F233256F2384008D0095 /* TorneosTableCell.swift */,
				A55280852573FFF900C35BFD /* RankingTableCell.swift */,
				A550152F260EB39600E3040F /* MyTorneosTableCell.swift */,
				A5EE08AD26A770970055BEFD /* LiveTableViewCell.swift */,
				A5703D8126B73C0900EFB502 /* AdminMainTabBar.swift */,
			);
			name = UserMain;
			sourceTree = "<group>";
		};
		A5B4F23E257009D3008D0095 /* Incriptions */ = {
			isa = PBXGroup;
			children = (
				A5B4F238256F506A008D0095 /* InscriptionsVC.swift */,
				A5B4F24C25702028008D0095 /* TorneoInfoCell.swift */,
				A5B4F23F25700A1E008D0095 /* InscriptionsCell.swift */,
				A56A224426AA6A39003017A1 /* ZonesTVCell.swift */,
				A5703D7826AE6C5500EFB502 /* ZonesCVCell.swift */,
				A56A224626AA6C85003017A1 /* LlavesCell.swift */,
				A56A224826AA75D3003017A1 /* LlavesTableViewCell.swift */,
			);
			path = Incriptions;
			sourceTree = "<group>";
		};
/* End PBXGroup section */

/* Begin PBXNativeTarget section */
		A5B4F1EA256DB3A4008D0095 /* BsAsTennisTour */ = {
			isa = PBXNativeTarget;
			buildConfigurationList = A5B4F215256DB3A5008D0095 /* Build configuration list for PBXNativeTarget "BsAsTennisTour" */;
			buildPhases = (
				B32465EFB5C893402EFF3315 /* [CP] Check Pods Manifest.lock */,
				A5B4F1E7256DB3A4008D0095 /* Sources */,
				A5B4F1E8256DB3A4008D0095 /* Frameworks */,
				A5B4F1E9256DB3A4008D0095 /* Resources */,
				2C64CC6AD0375771A7EF46EE /* [CP] Embed Pods Frameworks */,
			);
			buildRules = (
			);
			dependencies = (
			);
			name = BsAsTennisTour;
			productName = BsAsTennisAcademy;
			productReference = A5B4F1EB256DB3A4008D0095 /* BsAsTennisTour.app */;
			productType = "com.apple.product-type.application";
		};
		A5B4F200256DB3A5008D0095 /* BsAsTennisTourTests */ = {
			isa = PBXNativeTarget;
			buildConfigurationList = A5B4F218256DB3A5008D0095 /* Build configuration list for PBXNativeTarget "BsAsTennisTourTests" */;
			buildPhases = (
				A5B4F1FD256DB3A5008D0095 /* Sources */,
				A5B4F1FE256DB3A5008D0095 /* Frameworks */,
				A5B4F1FF256DB3A5008D0095 /* Resources */,
			);
			buildRules = (
			);
			dependencies = (
				A5B4F203256DB3A5008D0095 /* PBXTargetDependency */,
			);
			name = BsAsTennisTourTests;
			productName = BsAsTennisAcademyTests;
			productReference = A5B4F201256DB3A5008D0095 /* BsAsTennisTourTests.xctest */;
			productType = "com.apple.product-type.bundle.unit-test";
		};
		A5B4F20B256DB3A5008D0095 /* BsAsTennisTourUITests */ = {
			isa = PBXNativeTarget;
			buildConfigurationList = A5B4F21B256DB3A5008D0095 /* Build configuration list for PBXNativeTarget "BsAsTennisTourUITests" */;
			buildPhases = (
				A5B4F208256DB3A5008D0095 /* Sources */,
				A5B4F209256DB3A5008D0095 /* Frameworks */,
				A5B4F20A256DB3A5008D0095 /* Resources */,
			);
			buildRules = (
			);
			dependencies = (
				A5B4F20E256DB3A5008D0095 /* PBXTargetDependency */,
			);
			name = BsAsTennisTourUITests;
			productName = BsAsTennisAcademyUITests;
			productReference = A5B4F20C256DB3A5008D0095 /* BsAsTennisTourUITests.xctest */;
			productType = "com.apple.product-type.bundle.ui-testing";
		};
/* End PBXNativeTarget section */

/* Begin PBXProject section */
		A5B4F1E3256DB3A4008D0095 /* Project object */ = {
			isa = PBXProject;
			attributes = {
				LastSwiftUpdateCheck = 1220;
				LastUpgradeCheck = 1220;
				TargetAttributes = {
					A5B4F1EA256DB3A4008D0095 = {
						CreatedOnToolsVersion = 12.2;
					};
					A5B4F200256DB3A5008D0095 = {
						CreatedOnToolsVersion = 12.2;
						TestTargetID = A5B4F1EA256DB3A4008D0095;
					};
					A5B4F20B256DB3A5008D0095 = {
						CreatedOnToolsVersion = 12.2;
						TestTargetID = A5B4F1EA256DB3A4008D0095;
					};
				};
			};
			buildConfigurationList = A5B4F1E6256DB3A4008D0095 /* Build configuration list for PBXProject "BsAsTennisTour" */;
			compatibilityVersion = "Xcode 9.3";
			developmentRegion = en;
			hasScannedForEncodings = 0;
			knownRegions = (
				en,
				Base,
			);
			mainGroup = A5B4F1E2256DB3A4008D0095;
			productRefGroup = A5B4F1EC256DB3A4008D0095 /* Products */;
			projectDirPath = "";
			projectRoot = "";
			targets = (
				A5B4F1EA256DB3A4008D0095 /* BsAsTennisTour */,
				A5B4F200256DB3A5008D0095 /* BsAsTennisTourTests */,
				A5B4F20B256DB3A5008D0095 /* BsAsTennisTourUITests */,
			);
		};
/* End PBXProject section */

/* Begin PBXResourcesBuildPhase section */
		A5B4F1E9256DB3A4008D0095 /* Resources */ = {
			isa = PBXResourcesBuildPhase;
			buildActionMask = 2147483647;
			files = (
				A5B4F1FB256DB3A5008D0095 /* LaunchScreen.storyboard in Resources */,
				A5B4F1F8256DB3A5008D0095 /* Assets.xcassets in Resources */,
				A5703D7B26AFB02400EFB502 /* GoogleService-Info.plist in Resources */,
			);
			runOnlyForDeploymentPostprocessing = 0;
		};
		A5B4F1FF256DB3A5008D0095 /* Resources */ = {
			isa = PBXResourcesBuildPhase;
			buildActionMask = 2147483647;
			files = (
			);
			runOnlyForDeploymentPostprocessing = 0;
		};
		A5B4F20A256DB3A5008D0095 /* Resources */ = {
			isa = PBXResourcesBuildPhase;
			buildActionMask = 2147483647;
			files = (
			);
			runOnlyForDeploymentPostprocessing = 0;
		};
/* End PBXResourcesBuildPhase section */

/* Begin PBXShellScriptBuildPhase section */
		2C64CC6AD0375771A7EF46EE /* [CP] Embed Pods Frameworks */ = {
			isa = PBXShellScriptBuildPhase;
			buildActionMask = 2147483647;
			files = (
			);
			inputFileListPaths = (
				"${PODS_ROOT}/Target Support Files/Pods-BsAsTennisTour/Pods-BsAsTennisTour-frameworks-${CONFIGURATION}-input-files.xcfilelist",
			);
			name = "[CP] Embed Pods Frameworks";
			outputFileListPaths = (
				"${PODS_ROOT}/Target Support Files/Pods-BsAsTennisTour/Pods-BsAsTennisTour-frameworks-${CONFIGURATION}-output-files.xcfilelist",
			);
			runOnlyForDeploymentPostprocessing = 0;
			shellPath = /bin/sh;
			shellScript = "\"${PODS_ROOT}/Target Support Files/Pods-BsAsTennisTour/Pods-BsAsTennisTour-frameworks.sh\"\n";
			showEnvVarsInLog = 0;
		};
		B32465EFB5C893402EFF3315 /* [CP] Check Pods Manifest.lock */ = {
			isa = PBXShellScriptBuildPhase;
			buildActionMask = 2147483647;
			files = (
			);
			inputFileListPaths = (
			);
			inputPaths = (
				"${PODS_PODFILE_DIR_PATH}/Podfile.lock",
				"${PODS_ROOT}/Manifest.lock",
			);
			name = "[CP] Check Pods Manifest.lock";
			outputFileListPaths = (
			);
			outputPaths = (
				"$(DERIVED_FILE_DIR)/Pods-BsAsTennisTour-checkManifestLockResult.txt",
			);
			runOnlyForDeploymentPostprocessing = 0;
			shellPath = /bin/sh;
			shellScript = "diff \"${PODS_PODFILE_DIR_PATH}/Podfile.lock\" \"${PODS_ROOT}/Manifest.lock\" > /dev/null\nif [ $? != 0 ] ; then\n    # print error to STDERR\n    echo \"error: The sandbox is not in sync with the Podfile.lock. Run 'pod install' or update your CocoaPods installation.\" >&2\n    exit 1\nfi\n# This output is used by Xcode 'outputs' to avoid re-running this script phase.\necho \"SUCCESS\" > \"${SCRIPT_OUTPUT_FILE_0}\"\n";
			showEnvVarsInLog = 0;
		};
/* End PBXShellScriptBuildPhase section */

/* Begin PBXSourcesBuildPhase section */
		A5B4F1E7256DB3A4008D0095 /* Sources */ = {
			isa = PBXSourcesBuildPhase;
			buildActionMask = 2147483647;
			files = (
				A5B4F1F3256DB3A4008D0095 /* ViewController.swift in Sources */,
				A56A224926AA75D3003017A1 /* LlavesTableViewCell.swift in Sources */,
				A58BBA9F266D7C5D00BF89D8 /* MatchesTableCell.swift in Sources */,
				A55F475B257BEE7900F80B82 /* MyTrophysCell.swift in Sources */,
				A5703D7926AE6C5500EFB502 /* ZonesCVCell.swift in Sources */,
				A55273332650953D0024486C /* MatchesVC.swift in Sources */,
				A5B4F225256DDBCE008D0095 /* Colors.swift in Sources */,
				A5B4F1EF256DB3A4008D0095 /* AppDelegate.swift in Sources */,
				A55280862573FFF900C35BFD /* RankingTableCell.swift in Sources */,
				A5B4F22F256ECE8D008D0095 /* ProfesorCollectionCell.swift in Sources */,
				A5703D8026B73AAA00EFB502 /* AdminTourVC.swift in Sources */,
				A55F4760257E917C00F80B82 /* MyExpCell.swift in Sources */,
				A5527338265095D70024486C /* ConfigVC.swift in Sources */,
				A5B4F1F1256DB3A4008D0095 /* SceneDelegate.swift in Sources */,
				A5B4F239256F506A008D0095 /* InscriptionsVC.swift in Sources */,
				A5535F5A257321AA00C68F16 /* UserRankingVC.swift in Sources */,
				A5B4F24825700CF4008D0095 /* AllStructs.swift in Sources */,
				A57D40D9265DF20600C3738D /* ToursCollectionViewCell.swift in Sources */,
				A5B4F234256F2384008D0095 /* TorneosTableCell.swift in Sources */,
				A5535F4D25716B0000C68F16 /* NewsCollectionCell.swift in Sources */,
				A5703D7D26B3A09500EFB502 /* Extensions.swift in Sources */,
				A5501536260EB99F00E3040F /* TouramentVC.swift in Sources */,
				A5B4F22A256EB23D008D0095 /* UserMainVC.swift in Sources */,
				A5EE08AE26A770970055BEFD /* LiveTableViewCell.swift in Sources */,
				A5EFF600265B248C00C89BDA /* RankCollectionCell.swift in Sources */,
				A5703D8426B7460800EFB502 /* CreateNewTourVC.swift in Sources */,
				A5535F5225731E1E00C68F16 /* UserMainTabBar.swift in Sources */,
				A58BBAA1266DBD0100BF89D8 /* MatchesCVCell.swift in Sources */,
				A5B4F24D25702028008D0095 /* TorneoInfoCell.swift in Sources */,
				A5B4F24025700A1E008D0095 /* InscriptionsCell.swift in Sources */,
				A5501530260EB39600E3040F /* MyTorneosTableCell.swift in Sources */,
				A5703D8226B73C0900EFB502 /* AdminMainTabBar.swift in Sources */,
				A56A224726AA6C85003017A1 /* LlavesCell.swift in Sources */,
				A56A224526AA6A39003017A1 /* ZonesTVCell.swift in Sources */,
			);
			runOnlyForDeploymentPostprocessing = 0;
		};
		A5B4F1FD256DB3A5008D0095 /* Sources */ = {
			isa = PBXSourcesBuildPhase;
			buildActionMask = 2147483647;
			files = (
				A5B4F206256DB3A5008D0095 /* BsAsTennisAcademyTests.swift in Sources */,
			);
			runOnlyForDeploymentPostprocessing = 0;
		};
		A5B4F208256DB3A5008D0095 /* Sources */ = {
			isa = PBXSourcesBuildPhase;
			buildActionMask = 2147483647;
			files = (
				A5B4F211256DB3A5008D0095 /* BsAsTennisAcademyUITests.swift in Sources */,
			);
			runOnlyForDeploymentPostprocessing = 0;
		};
/* End PBXSourcesBuildPhase section */

/* Begin PBXTargetDependency section */
		A5B4F203256DB3A5008D0095 /* PBXTargetDependency */ = {
			isa = PBXTargetDependency;
			target = A5B4F1EA256DB3A4008D0095 /* BsAsTennisTour */;
			targetProxy = A5B4F202256DB3A5008D0095 /* PBXContainerItemProxy */;
		};
		A5B4F20E256DB3A5008D0095 /* PBXTargetDependency */ = {
			isa = PBXTargetDependency;
			target = A5B4F1EA256DB3A4008D0095 /* BsAsTennisTour */;
			targetProxy = A5B4F20D256DB3A5008D0095 /* PBXContainerItemProxy */;
		};
/* End PBXTargetDependency section */

/* Begin PBXVariantGroup section */
		A5B4F1F9256DB3A5008D0095 /* LaunchScreen.storyboard */ = {
			isa = PBXVariantGroup;
			children = (
				A5B4F1FA256DB3A5008D0095 /* Base */,
			);
			name = LaunchScreen.storyboard;
			sourceTree = "<group>";
		};
/* End PBXVariantGroup section */

/* Begin XCBuildConfiguration section */
		A5B4F213256DB3A5008D0095 /* Debug */ = {
			isa = XCBuildConfiguration;
			buildSettings = {
				ALWAYS_SEARCH_USER_PATHS = NO;
				CLANG_ANALYZER_NONNULL = YES;
				CLANG_ANALYZER_NUMBER_OBJECT_CONVERSION = YES_AGGRESSIVE;
				CLANG_CXX_LANGUAGE_STANDARD = "gnu++14";
				CLANG_CXX_LIBRARY = "libc++";
				CLANG_ENABLE_MODULES = YES;
				CLANG_ENABLE_OBJC_ARC = YES;
				CLANG_ENABLE_OBJC_WEAK = YES;
				CLANG_WARN_BLOCK_CAPTURE_AUTORELEASING = YES;
				CLANG_WARN_BOOL_CONVERSION = YES;
				CLANG_WARN_COMMA = YES;
				CLANG_WARN_CONSTANT_CONVERSION = YES;
				CLANG_WARN_DEPRECATED_OBJC_IMPLEMENTATIONS = YES;
				CLANG_WARN_DIRECT_OBJC_ISA_USAGE = YES_ERROR;
				CLANG_WARN_DOCUMENTATION_COMMENTS = YES;
				CLANG_WARN_EMPTY_BODY = YES;
				CLANG_WARN_ENUM_CONVERSION = YES;
				CLANG_WARN_INFINITE_RECURSION = YES;
				CLANG_WARN_INT_CONVERSION = YES;
				CLANG_WARN_NON_LITERAL_NULL_CONVERSION = YES;
				CLANG_WARN_OBJC_IMPLICIT_RETAIN_SELF = YES;
				CLANG_WARN_OBJC_LITERAL_CONVERSION = YES;
				CLANG_WARN_OBJC_ROOT_CLASS = YES_ERROR;
				CLANG_WARN_QUOTED_INCLUDE_IN_FRAMEWORK_HEADER = YES;
				CLANG_WARN_RANGE_LOOP_ANALYSIS = YES;
				CLANG_WARN_STRICT_PROTOTYPES = YES;
				CLANG_WARN_SUSPICIOUS_MOVE = YES;
				CLANG_WARN_UNGUARDED_AVAILABILITY = YES_AGGRESSIVE;
				CLANG_WARN_UNREACHABLE_CODE = YES;
				CLANG_WARN__DUPLICATE_METHOD_MATCH = YES;
				COPY_PHASE_STRIP = NO;
				DEBUG_INFORMATION_FORMAT = dwarf;
				ENABLE_STRICT_OBJC_MSGSEND = YES;
				ENABLE_TESTABILITY = YES;
				GCC_C_LANGUAGE_STANDARD = gnu11;
				GCC_DYNAMIC_NO_PIC = NO;
				GCC_NO_COMMON_BLOCKS = YES;
				GCC_OPTIMIZATION_LEVEL = 0;
				GCC_PREPROCESSOR_DEFINITIONS = (
					"DEBUG=1",
					"$(inherited)",
				);
				GCC_WARN_64_TO_32_BIT_CONVERSION = YES;
				GCC_WARN_ABOUT_RETURN_TYPE = YES_ERROR;
				GCC_WARN_UNDECLARED_SELECTOR = YES;
				GCC_WARN_UNINITIALIZED_AUTOS = YES_AGGRESSIVE;
				GCC_WARN_UNUSED_FUNCTION = YES;
				GCC_WARN_UNUSED_VARIABLE = YES;
				IPHONEOS_DEPLOYMENT_TARGET = 14.2;
				MTL_ENABLE_DEBUG_INFO = INCLUDE_SOURCE;
				MTL_FAST_MATH = YES;
				ONLY_ACTIVE_ARCH = YES;
				SDKROOT = iphoneos;
				SWIFT_ACTIVE_COMPILATION_CONDITIONS = DEBUG;
				SWIFT_OPTIMIZATION_LEVEL = "-Onone";
			};
			name = Debug;
		};
		A5B4F214256DB3A5008D0095 /* Release */ = {
			isa = XCBuildConfiguration;
			buildSettings = {
				ALWAYS_SEARCH_USER_PATHS = NO;
				CLANG_ANALYZER_NONNULL = YES;
				CLANG_ANALYZER_NUMBER_OBJECT_CONVERSION = YES_AGGRESSIVE;
				CLANG_CXX_LANGUAGE_STANDARD = "gnu++14";
				CLANG_CXX_LIBRARY = "libc++";
				CLANG_ENABLE_MODULES = YES;
				CLANG_ENABLE_OBJC_ARC = YES;
				CLANG_ENABLE_OBJC_WEAK = YES;
				CLANG_WARN_BLOCK_CAPTURE_AUTORELEASING = YES;
				CLANG_WARN_BOOL_CONVERSION = YES;
				CLANG_WARN_COMMA = YES;
				CLANG_WARN_CONSTANT_CONVERSION = YES;
				CLANG_WARN_DEPRECATED_OBJC_IMPLEMENTATIONS = YES;
				CLANG_WARN_DIRECT_OBJC_ISA_USAGE = YES_ERROR;
				CLANG_WARN_DOCUMENTATION_COMMENTS = YES;
				CLANG_WARN_EMPTY_BODY = YES;
				CLANG_WARN_ENUM_CONVERSION = YES;
				CLANG_WARN_INFINITE_RECURSION = YES;
				CLANG_WARN_INT_CONVERSION = YES;
				CLANG_WARN_NON_LITERAL_NULL_CONVERSION = YES;
				CLANG_WARN_OBJC_IMPLICIT_RETAIN_SELF = YES;
				CLANG_WARN_OBJC_LITERAL_CONVERSION = YES;
				CLANG_WARN_OBJC_ROOT_CLASS = YES_ERROR;
				CLANG_WARN_QUOTED_INCLUDE_IN_FRAMEWORK_HEADER = YES;
				CLANG_WARN_RANGE_LOOP_ANALYSIS = YES;
				CLANG_WARN_STRICT_PROTOTYPES = YES;
				CLANG_WARN_SUSPICIOUS_MOVE = YES;
				CLANG_WARN_UNGUARDED_AVAILABILITY = YES_AGGRESSIVE;
				CLANG_WARN_UNREACHABLE_CODE = YES;
				CLANG_WARN__DUPLICATE_METHOD_MATCH = YES;
				COPY_PHASE_STRIP = NO;
				DEBUG_INFORMATION_FORMAT = "dwarf-with-dsym";
				ENABLE_NS_ASSERTIONS = NO;
				ENABLE_STRICT_OBJC_MSGSEND = YES;
				GCC_C_LANGUAGE_STANDARD = gnu11;
				GCC_NO_COMMON_BLOCKS = YES;
				GCC_WARN_64_TO_32_BIT_CONVERSION = YES;
				GCC_WARN_ABOUT_RETURN_TYPE = YES_ERROR;
				GCC_WARN_UNDECLARED_SELECTOR = YES;
				GCC_WARN_UNINITIALIZED_AUTOS = YES_AGGRESSIVE;
				GCC_WARN_UNUSED_FUNCTION = YES;
				GCC_WARN_UNUSED_VARIABLE = YES;
				IPHONEOS_DEPLOYMENT_TARGET = 14.2;
				MTL_ENABLE_DEBUG_INFO = NO;
				MTL_FAST_MATH = YES;
				SDKROOT = iphoneos;
				SWIFT_COMPILATION_MODE = wholemodule;
				SWIFT_OPTIMIZATION_LEVEL = "-O";
				VALIDATE_PRODUCT = YES;
			};
			name = Release;
		};
		A5B4F216256DB3A5008D0095 /* Debug */ = {
			isa = XCBuildConfiguration;
			baseConfigurationReference = 79FD11E6615FB5FECBEDB3B1 /* Pods-BsAsTennisTour.debug.xcconfig */;
			buildSettings = {
				ASSETCATALOG_COMPILER_APPICON_NAME = AppIcon;
				ASSETCATALOG_COMPILER_GLOBAL_ACCENT_COLOR_NAME = AccentColor;
				CODE_SIGN_STYLE = Automatic;
				DEVELOPMENT_TEAM = 76TJX7A5JB;
				INFOPLIST_FILE = BsAsTennisTour/Info.plist;
				LD_RUNPATH_SEARCH_PATHS = (
					"$(inherited)",
					"@executable_path/Frameworks",
				);
				PRODUCT_BUNDLE_IDENTIFIER = com.emdev.BsAsTennisTour;
				PRODUCT_NAME = "$(TARGET_NAME)";
				SWIFT_VERSION = 5.0;
				TARGETED_DEVICE_FAMILY = "1,2";
			};
			name = Debug;
		};
		A5B4F217256DB3A5008D0095 /* Release */ = {
			isa = XCBuildConfiguration;
			baseConfigurationReference = 1DAF0BE9787017BE52DEBA57 /* Pods-BsAsTennisTour.release.xcconfig */;
			buildSettings = {
				ASSETCATALOG_COMPILER_APPICON_NAME = AppIcon;
				ASSETCATALOG_COMPILER_GLOBAL_ACCENT_COLOR_NAME = AccentColor;
				CODE_SIGN_STYLE = Automatic;
				DEVELOPMENT_TEAM = 76TJX7A5JB;
				INFOPLIST_FILE = BsAsTennisTour/Info.plist;
				LD_RUNPATH_SEARCH_PATHS = (
					"$(inherited)",
					"@executable_path/Frameworks",
				);
				PRODUCT_BUNDLE_IDENTIFIER = com.emdev.BsAsTennisTour;
				PRODUCT_NAME = "$(TARGET_NAME)";
				SWIFT_VERSION = 5.0;
				TARGETED_DEVICE_FAMILY = "1,2";
			};
			name = Release;
		};
		A5B4F219256DB3A5008D0095 /* Debug */ = {
			isa = XCBuildConfiguration;
			buildSettings = {
				ALWAYS_EMBED_SWIFT_STANDARD_LIBRARIES = YES;
				BUNDLE_LOADER = "$(TEST_HOST)";
				CODE_SIGN_STYLE = Automatic;
				DEVELOPMENT_TEAM = 76TJX7A5JB;
				INFOPLIST_FILE = BsAsTennisAcademyTests/Info.plist;
				IPHONEOS_DEPLOYMENT_TARGET = 14.2;
				LD_RUNPATH_SEARCH_PATHS = (
					"$(inherited)",
					"@executable_path/Frameworks",
					"@loader_path/Frameworks",
				);
				PRODUCT_BUNDLE_IDENTIFIER = com.luke.BsAsTennisAcademyTests;
				PRODUCT_NAME = "$(TARGET_NAME)";
				SWIFT_VERSION = 5.0;
				TARGETED_DEVICE_FAMILY = "1,2";
				TEST_HOST = "$(BUILT_PRODUCTS_DIR)/BsAsTennisTour.app/BsAsTennisTour";
			};
			name = Debug;
		};
		A5B4F21A256DB3A5008D0095 /* Release */ = {
			isa = XCBuildConfiguration;
			buildSettings = {
				ALWAYS_EMBED_SWIFT_STANDARD_LIBRARIES = YES;
				BUNDLE_LOADER = "$(TEST_HOST)";
				CODE_SIGN_STYLE = Automatic;
				DEVELOPMENT_TEAM = 76TJX7A5JB;
				INFOPLIST_FILE = BsAsTennisAcademyTests/Info.plist;
				IPHONEOS_DEPLOYMENT_TARGET = 14.2;
				LD_RUNPATH_SEARCH_PATHS = (
					"$(inherited)",
					"@executable_path/Frameworks",
					"@loader_path/Frameworks",
				);
				PRODUCT_BUNDLE_IDENTIFIER = com.luke.BsAsTennisAcademyTests;
				PRODUCT_NAME = "$(TARGET_NAME)";
				SWIFT_VERSION = 5.0;
				TARGETED_DEVICE_FAMILY = "1,2";
				TEST_HOST = "$(BUILT_PRODUCTS_DIR)/BsAsTennisTour.app/BsAsTennisTour";
			};
			name = Release;
		};
		A5B4F21C256DB3A5008D0095 /* Debug */ = {
			isa = XCBuildConfiguration;
			buildSettings = {
				ALWAYS_EMBED_SWIFT_STANDARD_LIBRARIES = YES;
				CODE_SIGN_STYLE = Automatic;
				DEVELOPMENT_TEAM = 76TJX7A5JB;
				INFOPLIST_FILE = BsAsTennisAcademyUITests/Info.plist;
				LD_RUNPATH_SEARCH_PATHS = (
					"$(inherited)",
					"@executable_path/Frameworks",
					"@loader_path/Frameworks",
				);
				PRODUCT_BUNDLE_IDENTIFIER = com.luke.BsAsTennisAcademyUITests;
				PRODUCT_NAME = "$(TARGET_NAME)";
				SWIFT_VERSION = 5.0;
				TARGETED_DEVICE_FAMILY = "1,2";
				TEST_TARGET_NAME = BsAsTennisAcademy;
			};
			name = Debug;
		};
		A5B4F21D256DB3A5008D0095 /* Release */ = {
			isa = XCBuildConfiguration;
			buildSettings = {
				ALWAYS_EMBED_SWIFT_STANDARD_LIBRARIES = YES;
				CODE_SIGN_STYLE = Automatic;
				DEVELOPMENT_TEAM = 76TJX7A5JB;
				INFOPLIST_FILE = BsAsTennisAcademyUITests/Info.plist;
				LD_RUNPATH_SEARCH_PATHS = (
					"$(inherited)",
					"@executable_path/Frameworks",
					"@loader_path/Frameworks",
				);
				PRODUCT_BUNDLE_IDENTIFIER = com.luke.BsAsTennisAcademyUITests;
				PRODUCT_NAME = "$(TARGET_NAME)";
				SWIFT_VERSION = 5.0;
				TARGETED_DEVICE_FAMILY = "1,2";
				TEST_TARGET_NAME = BsAsTennisAcademy;
			};
			name = Release;
		};
/* End XCBuildConfiguration section */

/* Begin XCConfigurationList section */
		A5B4F1E6256DB3A4008D0095 /* Build configuration list for PBXProject "BsAsTennisTour" */ = {
			isa = XCConfigurationList;
			buildConfigurations = (
				A5B4F213256DB3A5008D0095 /* Debug */,
				A5B4F214256DB3A5008D0095 /* Release */,
			);
			defaultConfigurationIsVisible = 0;
			defaultConfigurationName = Release;
		};
		A5B4F215256DB3A5008D0095 /* Build configuration list for PBXNativeTarget "BsAsTennisTour" */ = {
			isa = XCConfigurationList;
			buildConfigurations = (
				A5B4F216256DB3A5008D0095 /* Debug */,
				A5B4F217256DB3A5008D0095 /* Release */,
			);
			defaultConfigurationIsVisible = 0;
			defaultConfigurationName = Release;
		};
		A5B4F218256DB3A5008D0095 /* Build configuration list for PBXNativeTarget "BsAsTennisTourTests" */ = {
			isa = XCConfigurationList;
			buildConfigurations = (
				A5B4F219256DB3A5008D0095 /* Debug */,
				A5B4F21A256DB3A5008D0095 /* Release */,
			);
			defaultConfigurationIsVisible = 0;
			defaultConfigurationName = Release;
		};
		A5B4F21B256DB3A5008D0095 /* Build configuration list for PBXNativeTarget "BsAsTennisTourUITests" */ = {
			isa = XCConfigurationList;
			buildConfigurations = (
				A5B4F21C256DB3A5008D0095 /* Debug */,
				A5B4F21D256DB3A5008D0095 /* Release */,
			);
			defaultConfigurationIsVisible = 0;
			defaultConfigurationName = Release;
		};
/* End XCConfigurationList section */
	};
	rootObject = A5B4F1E3256DB3A4008D0095 /* Project object */;
}
