// !$*UTF8*$!
{
	archiveVersion = 1;
	classes = {
	};
	objectVersion = 51;
	objects = {

/* Begin PBXBuildFile section */
		5F87E965E4AF8A1801F357C2 /* Pods_BsAsTennisAcademy.framework in Frameworks */ = {isa = PBXBuildFile; fileRef = 24CD54E17B8E03F9BEC3D0B7 /* Pods_BsAsTennisAcademy.framework */; };
		A5501530260EB39600E3040F /* MyTorneosTableCell.swift in Sources */ = {isa = PBXBuildFile; fileRef = A550152F260EB39600E3040F /* MyTorneosTableCell.swift */; };
		A5501536260EB99F00E3040F /* TouramentVC.swift in Sources */ = {isa = PBXBuildFile; fileRef = A5501535260EB99F00E3040F /* TouramentVC.swift */; };
		A550153E260ED8AF00E3040F /* ZoneTableCell.swift in Sources */ = {isa = PBXBuildFile; fileRef = A550153D260ED8AF00E3040F /* ZoneTableCell.swift */; };
		A55280862573FFF900C35BFD /* RankingTableCell.swift in Sources */ = {isa = PBXBuildFile; fileRef = A55280852573FFF900C35BFD /* RankingTableCell.swift */; };
		A5535F4D25716B0000C68F16 /* NewsCollectionCell.swift in Sources */ = {isa = PBXBuildFile; fileRef = A5535F4C25716B0000C68F16 /* NewsCollectionCell.swift */; };
		A5535F5225731E1E00C68F16 /* UserMainTabBar.swift in Sources */ = {isa = PBXBuildFile; fileRef = A5535F5125731E1E00C68F16 /* UserMainTabBar.swift */; };
		A5535F5A257321AA00C68F16 /* UserRankingVC.swift in Sources */ = {isa = PBXBuildFile; fileRef = A5535F59257321AA00C68F16 /* UserRankingVC.swift */; };
		A5535F62257321BA00C68F16 /* UserPerfilVC.swift in Sources */ = {isa = PBXBuildFile; fileRef = A5535F61257321BA00C68F16 /* UserPerfilVC.swift */; };
		A55388782576B895005AFC67 /* PointsCell.swift in Sources */ = {isa = PBXBuildFile; fileRef = A55388772576B895005AFC67 /* PointsCell.swift */; };
		A55F475B257BEE7900F80B82 /* MyTrophysCell.swift in Sources */ = {isa = PBXBuildFile; fileRef = A55F475A257BEE7900F80B82 /* MyTrophysCell.swift */; };
		A55F4760257E917C00F80B82 /* MyExpCell.swift in Sources */ = {isa = PBXBuildFile; fileRef = A55F475F257E917C00F80B82 /* MyExpCell.swift */; };
		A5B4F1EF256DB3A4008D0095 /* AppDelegate.swift in Sources */ = {isa = PBXBuildFile; fileRef = A5B4F1EE256DB3A4008D0095 /* AppDelegate.swift */; };
		A5B4F1F1256DB3A4008D0095 /* SceneDelegate.swift in Sources */ = {isa = PBXBuildFile; fileRef = A5B4F1F0256DB3A4008D0095 /* SceneDelegate.swift */; };
		A5B4F1F3256DB3A4008D0095 /* ViewController.swift in Sources */ = {isa = PBXBuildFile; fileRef = A5B4F1F2256DB3A4008D0095 /* ViewController.swift */; };
		A5B4F1F8256DB3A5008D0095 /* Assets.xcassets in Resources */ = {isa = PBXBuildFile; fileRef = A5B4F1F7256DB3A5008D0095 /* Assets.xcassets */; };
		A5B4F1FB256DB3A5008D0095 /* LaunchScreen.storyboard in Resources */ = {isa = PBXBuildFile; fileRef = A5B4F1F9256DB3A5008D0095 /* LaunchScreen.storyboard */; };
		A5B4F206256DB3A5008D0095 /* BsAsTennisAcademyTests.swift in Sources */ = {isa = PBXBuildFile; fileRef = A5B4F205256DB3A5008D0095 /* BsAsTennisAcademyTests.swift */; };
		A5B4F211256DB3A5008D0095 /* BsAsTennisAcademyUITests.swift in Sources */ = {isa = PBXBuildFile; fileRef = A5B4F210256DB3A5008D0095 /* BsAsTennisAcademyUITests.swift */; };
		A5B4F225256DDBCE008D0095 /* Colors.swift in Sources */ = {isa = PBXBuildFile; fileRef = A5B4F224256DDBCE008D0095 /* Colors.swift */; };
		A5B4F22A256EB23D008D0095 /* UserMainVC.swift in Sources */ = {isa = PBXBuildFile; fileRef = A5B4F229256EB23D008D0095 /* UserMainVC.swift */; };
		A5B4F22F256ECE8D008D0095 /* ProfesorCollectionCell.swift in Sources */ = {isa = PBXBuildFile; fileRef = A5B4F22E256ECE8D008D0095 /* ProfesorCollectionCell.swift */; };
		A5B4F234256F2384008D0095 /* TorneosTableCell.swift in Sources */ = {isa = PBXBuildFile; fileRef = A5B4F233256F2384008D0095 /* TorneosTableCell.swift */; };
		A5B4F239256F506A008D0095 /* InscriptionsVC.swift in Sources */ = {isa = PBXBuildFile; fileRef = A5B4F238256F506A008D0095 /* InscriptionsVC.swift */; };
		A5B4F24025700A1E008D0095 /* InscriptionsCell.swift in Sources */ = {isa = PBXBuildFile; fileRef = A5B4F23F25700A1E008D0095 /* InscriptionsCell.swift */; };
		A5B4F24825700CF4008D0095 /* AllStructs.swift in Sources */ = {isa = PBXBuildFile; fileRef = A5B4F24725700CF4008D0095 /* AllStructs.swift */; };
		A5B4F24D25702028008D0095 /* TorneoInfoCell.swift in Sources */ = {isa = PBXBuildFile; fileRef = A5B4F24C25702028008D0095 /* TorneoInfoCell.swift */; };
/* End PBXBuildFile section */

/* Begin PBXContainerItemProxy section */
		A5B4F202256DB3A5008D0095 /* PBXContainerItemProxy */ = {
			isa = PBXContainerItemProxy;
			containerPortal = A5B4F1E3256DB3A4008D0095 /* Project object */;
			proxyType = 1;
			remoteGlobalIDString = A5B4F1EA256DB3A4008D0095;
			remoteInfo = BsAsTennisAcademy;
		};
		A5B4F20D256DB3A5008D0095 /* PBXContainerItemProxy */ = {
			isa = PBXContainerItemProxy;
			containerPortal = A5B4F1E3256DB3A4008D0095 /* Project object */;
			proxyType = 1;
			remoteGlobalIDString = A5B4F1EA256DB3A4008D0095;
			remoteInfo = BsAsTennisAcademy;
		};
/* End PBXContainerItemProxy section */

/* Begin PBXFileReference section */
		24CD54E17B8E03F9BEC3D0B7 /* Pods_BsAsTennisAcademy.framework */ = {isa = PBXFileReference; explicitFileType = wrapper.framework; includeInIndex = 0; path = Pods_BsAsTennisAcademy.framework; sourceTree = BUILT_PRODUCTS_DIR; };
		A550152F260EB39600E3040F /* MyTorneosTableCell.swift */ = {isa = PBXFileReference; lastKnownFileType = sourcecode.swift; path = MyTorneosTableCell.swift; sourceTree = "<group>"; };
		A5501535260EB99F00E3040F /* TouramentVC.swift */ = {isa = PBXFileReference; lastKnownFileType = sourcecode.swift; path = TouramentVC.swift; sourceTree = "<group>"; };
		A550153D260ED8AF00E3040F /* ZoneTableCell.swift */ = {isa = PBXFileReference; lastKnownFileType = sourcecode.swift; path = ZoneTableCell.swift; sourceTree = "<group>"; };
		A55280852573FFF900C35BFD /* RankingTableCell.swift */ = {isa = PBXFileReference; lastKnownFileType = sourcecode.swift; path = RankingTableCell.swift; sourceTree = "<group>"; };
		A5535F4C25716B0000C68F16 /* NewsCollectionCell.swift */ = {isa = PBXFileReference; lastKnownFileType = sourcecode.swift; path = NewsCollectionCell.swift; sourceTree = "<group>"; };
		A5535F5125731E1E00C68F16 /* UserMainTabBar.swift */ = {isa = PBXFileReference; lastKnownFileType = sourcecode.swift; path = UserMainTabBar.swift; sourceTree = "<group>"; };
		A5535F59257321AA00C68F16 /* UserRankingVC.swift */ = {isa = PBXFileReference; lastKnownFileType = sourcecode.swift; path = UserRankingVC.swift; sourceTree = "<group>"; };
		A5535F61257321BA00C68F16 /* UserPerfilVC.swift */ = {isa = PBXFileReference; lastKnownFileType = sourcecode.swift; path = UserPerfilVC.swift; sourceTree = "<group>"; };
		A55388772576B895005AFC67 /* PointsCell.swift */ = {isa = PBXFileReference; lastKnownFileType = sourcecode.swift; path = PointsCell.swift; sourceTree = "<group>"; };
		A55F475A257BEE7900F80B82 /* MyTrophysCell.swift */ = {isa = PBXFileReference; lastKnownFileType = sourcecode.swift; path = MyTrophysCell.swift; sourceTree = "<group>"; };
		A55F475F257E917C00F80B82 /* MyExpCell.swift */ = {isa = PBXFileReference; lastKnownFileType = sourcecode.swift; path = MyExpCell.swift; sourceTree = "<group>"; };
		A5B4F1EB256DB3A4008D0095 /* BsAsTennisAcademy.app */ = {isa = PBXFileReference; explicitFileType = wrapper.application; includeInIndex = 0; path = BsAsTennisAcademy.app; sourceTree = BUILT_PRODUCTS_DIR; };
		A5B4F1EE256DB3A4008D0095 /* AppDelegate.swift */ = {isa = PBXFileReference; lastKnownFileType = sourcecode.swift; path = AppDelegate.swift; sourceTree = "<group>"; };
		A5B4F1F0256DB3A4008D0095 /* SceneDelegate.swift */ = {isa = PBXFileReference; lastKnownFileType = sourcecode.swift; path = SceneDelegate.swift; sourceTree = "<group>"; };
		A5B4F1F2256DB3A4008D0095 /* ViewController.swift */ = {isa = PBXFileReference; lastKnownFileType = sourcecode.swift; path = ViewController.swift; sourceTree = "<group>"; };
		A5B4F1F7256DB3A5008D0095 /* Assets.xcassets */ = {isa = PBXFileReference; lastKnownFileType = folder.assetcatalog; path = Assets.xcassets; sourceTree = "<group>"; };
		A5B4F1FA256DB3A5008D0095 /* Base */ = {isa = PBXFileReference; lastKnownFileType = file.storyboard; name = Base; path = Base.lproj/LaunchScreen.storyboard; sourceTree = "<group>"; };
		A5B4F1FC256DB3A5008D0095 /* Info.plist */ = {isa = PBXFileReference; lastKnownFileType = text.plist.xml; path = Info.plist; sourceTree = "<group>"; };
		A5B4F201256DB3A5008D0095 /* BsAsTennisAcademyTests.xctest */ = {isa = PBXFileReference; explicitFileType = wrapper.cfbundle; includeInIndex = 0; path = BsAsTennisAcademyTests.xctest; sourceTree = BUILT_PRODUCTS_DIR; };
		A5B4F205256DB3A5008D0095 /* BsAsTennisAcademyTests.swift */ = {isa = PBXFileReference; lastKnownFileType = sourcecode.swift; path = BsAsTennisAcademyTests.swift; sourceTree = "<group>"; };
		A5B4F207256DB3A5008D0095 /* Info.plist */ = {isa = PBXFileReference; lastKnownFileType = text.plist.xml; path = Info.plist; sourceTree = "<group>"; };
		A5B4F20C256DB3A5008D0095 /* BsAsTennisAcademyUITests.xctest */ = {isa = PBXFileReference; explicitFileType = wrapper.cfbundle; includeInIndex = 0; path = BsAsTennisAcademyUITests.xctest; sourceTree = BUILT_PRODUCTS_DIR; };
		A5B4F210256DB3A5008D0095 /* BsAsTennisAcademyUITests.swift */ = {isa = PBXFileReference; lastKnownFileType = sourcecode.swift; path = BsAsTennisAcademyUITests.swift; sourceTree = "<group>"; };
		A5B4F212256DB3A5008D0095 /* Info.plist */ = {isa = PBXFileReference; lastKnownFileType = text.plist.xml; path = Info.plist; sourceTree = "<group>"; };
		A5B4F224256DDBCE008D0095 /* Colors.swift */ = {isa = PBXFileReference; lastKnownFileType = sourcecode.swift; path = Colors.swift; sourceTree = "<group>"; };
		A5B4F229256EB23D008D0095 /* UserMainVC.swift */ = {isa = PBXFileReference; lastKnownFileType = sourcecode.swift; path = UserMainVC.swift; sourceTree = "<group>"; };
		A5B4F22E256ECE8D008D0095 /* ProfesorCollectionCell.swift */ = {isa = PBXFileReference; lastKnownFileType = sourcecode.swift; path = ProfesorCollectionCell.swift; sourceTree = "<group>"; };
		A5B4F233256F2384008D0095 /* TorneosTableCell.swift */ = {isa = PBXFileReference; lastKnownFileType = sourcecode.swift; path = TorneosTableCell.swift; sourceTree = "<group>"; };
		A5B4F238256F506A008D0095 /* InscriptionsVC.swift */ = {isa = PBXFileReference; lastKnownFileType = sourcecode.swift; path = InscriptionsVC.swift; sourceTree = "<group>"; };
		A5B4F23F25700A1E008D0095 /* InscriptionsCell.swift */ = {isa = PBXFileReference; lastKnownFileType = sourcecode.swift; path = InscriptionsCell.swift; sourceTree = "<group>"; };
		A5B4F24725700CF4008D0095 /* AllStructs.swift */ = {isa = PBXFileReference; lastKnownFileType = sourcecode.swift; path = AllStructs.swift; sourceTree = "<group>"; };
		A5B4F24C25702028008D0095 /* TorneoInfoCell.swift */ = {isa = PBXFileReference; lastKnownFileType = sourcecode.swift; path = TorneoInfoCell.swift; sourceTree = "<group>"; };
		AAFB6E78309A9FF28CF918D5 /* Pods-BsAsTennisAcademy.debug.xcconfig */ = {isa = PBXFileReference; includeInIndex = 1; lastKnownFileType = text.xcconfig; name = "Pods-BsAsTennisAcademy.debug.xcconfig"; path = "Target Support Files/Pods-BsAsTennisAcademy/Pods-BsAsTennisAcademy.debug.xcconfig"; sourceTree = "<group>"; };
		B6801DD9E85BACA3DCC76B8F /* Pods-BsAsTennisAcademy.release.xcconfig */ = {isa = PBXFileReference; includeInIndex = 1; lastKnownFileType = text.xcconfig; name = "Pods-BsAsTennisAcademy.release.xcconfig"; path = "Target Support Files/Pods-BsAsTennisAcademy/Pods-BsAsTennisAcademy.release.xcconfig"; sourceTree = "<group>"; };
/* End PBXFileReference section */

/* Begin PBXFrameworksBuildPhase section */
		A5B4F1E8256DB3A4008D0095 /* Frameworks */ = {
			isa = PBXFrameworksBuildPhase;
			buildActionMask = 2147483647;
			files = (
				5F87E965E4AF8A1801F357C2 /* Pods_BsAsTennisAcademy.framework in Frameworks */,
			);
			runOnlyForDeploymentPostprocessing = 0;
		};
		A5B4F1FE256DB3A5008D0095 /* Frameworks */ = {
			isa = PBXFrameworksBuildPhase;
			buildActionMask = 2147483647;
			files = (
			);
			runOnlyForDeploymentPostprocessing = 0;
		};
		A5B4F209256DB3A5008D0095 /* Frameworks */ = {
			isa = PBXFrameworksBuildPhase;
			buildActionMask = 2147483647;
			files = (
			);
			runOnlyForDeploymentPostprocessing = 0;
		};
/* End PBXFrameworksBuildPhase section */

/* Begin PBXGroup section */
		27769158E00A99A1070F938E /* Frameworks */ = {
			isa = PBXGroup;
			children = (
				24CD54E17B8E03F9BEC3D0B7 /* Pods_BsAsTennisAcademy.framework */,
			);
			name = Frameworks;
			sourceTree = "<group>";
		};
		A383E0C124FD845DCFB095E2 /* Pods */ = {
			isa = PBXGroup;
			children = (
				AAFB6E78309A9FF28CF918D5 /* Pods-BsAsTennisAcademy.debug.xcconfig */,
				B6801DD9E85BACA3DCC76B8F /* Pods-BsAsTennisAcademy.release.xcconfig */,
			);
			path = Pods;
			sourceTree = "<group>";
		};
		A5501534260EB96400E3040F /* Touraments */ = {
			isa = PBXGroup;
			children = (
				A5501535260EB99F00E3040F /* TouramentVC.swift */,
				A550153D260ED8AF00E3040F /* ZoneTableCell.swift */,
			);
			path = Touraments;
			sourceTree = "<group>";
		};
		A553887C257731C6005AFC67 /* UserStats */ = {
			isa = PBXGroup;
			children = (
				A5535F59257321AA00C68F16 /* UserRankingVC.swift */,
				A55F475F257E917C00F80B82 /* MyExpCell.swift */,
				A55F475A257BEE7900F80B82 /* MyTrophysCell.swift */,
			);
			name = UserStats;
			sourceTree = "<group>";
		};
		A5B4F1E2256DB3A4008D0095 = {
			isa = PBXGroup;
			children = (
				A5B4F1ED256DB3A4008D0095 /* BsAsTennisAcademy */,
				A5B4F204256DB3A5008D0095 /* BsAsTennisAcademyTests */,
				A5B4F20F256DB3A5008D0095 /* BsAsTennisAcademyUITests */,
				A5B4F1EC256DB3A4008D0095 /* Products */,
				A383E0C124FD845DCFB095E2 /* Pods */,
				27769158E00A99A1070F938E /* Frameworks */,
			);
			sourceTree = "<group>";
		};
		A5B4F1EC256DB3A4008D0095 /* Products */ = {
			isa = PBXGroup;
			children = (
				A5B4F1EB256DB3A4008D0095 /* BsAsTennisAcademy.app */,
				A5B4F201256DB3A5008D0095 /* BsAsTennisAcademyTests.xctest */,
				A5B4F20C256DB3A5008D0095 /* BsAsTennisAcademyUITests.xctest */,
			);
			name = Products;
			sourceTree = "<group>";
		};
		A5B4F1ED256DB3A4008D0095 /* BsAsTennisAcademy */ = {
			isa = PBXGroup;
			children = (
				A5501534260EB96400E3040F /* Touraments */,
				A553887C257731C6005AFC67 /* UserStats */,
				A5B4F23E257009D3008D0095 /* Incriptions */,
				A5B4F23D257009C2008D0095 /* UserMain */,
				A5B4F1EE256DB3A4008D0095 /* AppDelegate.swift */,
				A5B4F1F0256DB3A4008D0095 /* SceneDelegate.swift */,
				A5B4F1F2256DB3A4008D0095 /* ViewController.swift */,
				A5B4F1F7256DB3A5008D0095 /* Assets.xcassets */,
				A5B4F1F9256DB3A5008D0095 /* LaunchScreen.storyboard */,
				A5B4F1FC256DB3A5008D0095 /* Info.plist */,
				A5B4F224256DDBCE008D0095 /* Colors.swift */,
				A5B4F24725700CF4008D0095 /* AllStructs.swift */,
			);
			path = BsAsTennisAcademy;
			sourceTree = "<group>";
		};
		A5B4F204256DB3A5008D0095 /* BsAsTennisAcademyTests */ = {
			isa = PBXGroup;
			children = (
				A5B4F205256DB3A5008D0095 /* BsAsTennisAcademyTests.swift */,
				A5B4F207256DB3A5008D0095 /* Info.plist */,
			);
			path = BsAsTennisAcademyTests;
			sourceTree = "<group>";
		};
		A5B4F20F256DB3A5008D0095 /* BsAsTennisAcademyUITests */ = {
			isa = PBXGroup;
			children = (
				A5B4F210256DB3A5008D0095 /* BsAsTennisAcademyUITests.swift */,
				A5B4F212256DB3A5008D0095 /* Info.plist */,
			);
			path = BsAsTennisAcademyUITests;
			sourceTree = "<group>";
		};
		A5B4F23D257009C2008D0095 /* UserMain */ = {
			isa = PBXGroup;
			children = (
				A5B4F229256EB23D008D0095 /* UserMainVC.swift */,
				A5535F5125731E1E00C68F16 /* UserMainTabBar.swift */,
				A5535F61257321BA00C68F16 /* UserPerfilVC.swift */,
				A5535F4C25716B0000C68F16 /* NewsCollectionCell.swift */,
				A5B4F22E256ECE8D008D0095 /* ProfesorCollectionCell.swift */,
				A5B4F233256F2384008D0095 /* TorneosTableCell.swift */,
				A55280852573FFF900C35BFD /* RankingTableCell.swift */,
				A550152F260EB39600E3040F /* MyTorneosTableCell.swift */,
			);
			name = UserMain;
			sourceTree = "<group>";
		};
		A5B4F23E257009D3008D0095 /* Incriptions */ = {
			isa = PBXGroup;
			children = (
				A5B4F238256F506A008D0095 /* InscriptionsVC.swift */,
				A5B4F24C25702028008D0095 /* TorneoInfoCell.swift */,
				A5B4F23F25700A1E008D0095 /* InscriptionsCell.swift */,
				A55388772576B895005AFC67 /* PointsCell.swift */,
			);
			path = Incriptions;
			sourceTree = "<group>";
		};
/* End PBXGroup section */

/* Begin PBXNativeTarget section */
		A5B4F1EA256DB3A4008D0095 /* BsAsTennisAcademy */ = {
			isa = PBXNativeTarget;
			buildConfigurationList = A5B4F215256DB3A5008D0095 /* Build configuration list for PBXNativeTarget "BsAsTennisAcademy" */;
			buildPhases = (
				E268A754D487B674034330F9 /* [CP] Check Pods Manifest.lock */,
				A5B4F1E7256DB3A4008D0095 /* Sources */,
				A5B4F1E8256DB3A4008D0095 /* Frameworks */,
				A5B4F1E9256DB3A4008D0095 /* Resources */,
				2994CD89FA76DC7FCB3A65D8 /* [CP] Embed Pods Frameworks */,
			);
			buildRules = (
			);
			dependencies = (
			);
			name = BsAsTennisAcademy;
			productName = BsAsTennisAcademy;
			productReference = A5B4F1EB256DB3A4008D0095 /* BsAsTennisAcademy.app */;
			productType = "com.apple.product-type.application";
		};
		A5B4F200256DB3A5008D0095 /* BsAsTennisAcademyTests */ = {
			isa = PBXNativeTarget;
			buildConfigurationList = A5B4F218256DB3A5008D0095 /* Build configuration list for PBXNativeTarget "BsAsTennisAcademyTests" */;
			buildPhases = (
				A5B4F1FD256DB3A5008D0095 /* Sources */,
				A5B4F1FE256DB3A5008D0095 /* Frameworks */,
				A5B4F1FF256DB3A5008D0095 /* Resources */,
			);
			buildRules = (
			);
			dependencies = (
				A5B4F203256DB3A5008D0095 /* PBXTargetDependency */,
			);
			name = BsAsTennisAcademyTests;
			productName = BsAsTennisAcademyTests;
			productReference = A5B4F201256DB3A5008D0095 /* BsAsTennisAcademyTests.xctest */;
			productType = "com.apple.product-type.bundle.unit-test";
		};
		A5B4F20B256DB3A5008D0095 /* BsAsTennisAcademyUITests */ = {
			isa = PBXNativeTarget;
			buildConfigurationList = A5B4F21B256DB3A5008D0095 /* Build configuration list for PBXNativeTarget "BsAsTennisAcademyUITests" */;
			buildPhases = (
				A5B4F208256DB3A5008D0095 /* Sources */,
				A5B4F209256DB3A5008D0095 /* Frameworks */,
				A5B4F20A256DB3A5008D0095 /* Resources */,
			);
			buildRules = (
			);
			dependencies = (
				A5B4F20E256DB3A5008D0095 /* PBXTargetDependency */,
			);
			name = BsAsTennisAcademyUITests;
			productName = BsAsTennisAcademyUITests;
			productReference = A5B4F20C256DB3A5008D0095 /* BsAsTennisAcademyUITests.xctest */;
			productType = "com.apple.product-type.bundle.ui-testing";
		};
/* End PBXNativeTarget section */

/* Begin PBXProject section */
		A5B4F1E3256DB3A4008D0095 /* Project object */ = {
			isa = PBXProject;
			attributes = {
				LastSwiftUpdateCheck = 1220;
				LastUpgradeCheck = 1220;
				TargetAttributes = {
					A5B4F1EA256DB3A4008D0095 = {
						CreatedOnToolsVersion = 12.2;
					};
					A5B4F200256DB3A5008D0095 = {
						CreatedOnToolsVersion = 12.2;
						TestTargetID = A5B4F1EA256DB3A4008D0095;
					};
					A5B4F20B256DB3A5008D0095 = {
						CreatedOnToolsVersion = 12.2;
						TestTargetID = A5B4F1EA256DB3A4008D0095;
					};
				};
			};
			buildConfigurationList = A5B4F1E6256DB3A4008D0095 /* Build configuration list for PBXProject "BsAsTennisAcademy" */;
			compatibilityVersion = "Xcode 9.3";
			developmentRegion = en;
			hasScannedForEncodings = 0;
			knownRegions = (
				en,
				Base,
			);
			mainGroup = A5B4F1E2256DB3A4008D0095;
			productRefGroup = A5B4F1EC256DB3A4008D0095 /* Products */;
			projectDirPath = "";
			projectRoot = "";
			targets = (
				A5B4F1EA256DB3A4008D0095 /* BsAsTennisAcademy */,
				A5B4F200256DB3A5008D0095 /* BsAsTennisAcademyTests */,
				A5B4F20B256DB3A5008D0095 /* BsAsTennisAcademyUITests */,
			);
		};
/* End PBXProject section */

/* Begin PBXResourcesBuildPhase section */
		A5B4F1E9256DB3A4008D0095 /* Resources */ = {
			isa = PBXResourcesBuildPhase;
			buildActionMask = 2147483647;
			files = (
				A5B4F1FB256DB3A5008D0095 /* LaunchScreen.storyboard in Resources */,
				A5B4F1F8256DB3A5008D0095 /* Assets.xcassets in Resources */,
			);
			runOnlyForDeploymentPostprocessing = 0;
		};
		A5B4F1FF256DB3A5008D0095 /* Resources */ = {
			isa = PBXResourcesBuildPhase;
			buildActionMask = 2147483647;
			files = (
			);
			runOnlyForDeploymentPostprocessing = 0;
		};
		A5B4F20A256DB3A5008D0095 /* Resources */ = {
			isa = PBXResourcesBuildPhase;
			buildActionMask = 2147483647;
			files = (
			);
			runOnlyForDeploymentPostprocessing = 0;
		};
/* End PBXResourcesBuildPhase section */

/* Begin PBXShellScriptBuildPhase section */
		2994CD89FA76DC7FCB3A65D8 /* [CP] Embed Pods Frameworks */ = {
			isa = PBXShellScriptBuildPhase;
			buildActionMask = 2147483647;
			files = (
			);
			inputFileListPaths = (
				"${PODS_ROOT}/Target Support Files/Pods-BsAsTennisAcademy/Pods-BsAsTennisAcademy-frameworks-${CONFIGURATION}-input-files.xcfilelist",
			);
			name = "[CP] Embed Pods Frameworks";
			outputFileListPaths = (
				"${PODS_ROOT}/Target Support Files/Pods-BsAsTennisAcademy/Pods-BsAsTennisAcademy-frameworks-${CONFIGURATION}-output-files.xcfilelist",
			);
			runOnlyForDeploymentPostprocessing = 0;
			shellPath = /bin/sh;
			shellScript = "\"${PODS_ROOT}/Target Support Files/Pods-BsAsTennisAcademy/Pods-BsAsTennisAcademy-frameworks.sh\"\n";
			showEnvVarsInLog = 0;
		};
		E268A754D487B674034330F9 /* [CP] Check Pods Manifest.lock */ = {
			isa = PBXShellScriptBuildPhase;
			buildActionMask = 2147483647;
			files = (
			);
			inputFileListPaths = (
			);
			inputPaths = (
				"${PODS_PODFILE_DIR_PATH}/Podfile.lock",
				"${PODS_ROOT}/Manifest.lock",
			);
			name = "[CP] Check Pods Manifest.lock";
			outputFileListPaths = (
			);
			outputPaths = (
				"$(DERIVED_FILE_DIR)/Pods-BsAsTennisAcademy-checkManifestLockResult.txt",
			);
			runOnlyForDeploymentPostprocessing = 0;
			shellPath = /bin/sh;
			shellScript = "diff \"${PODS_PODFILE_DIR_PATH}/Podfile.lock\" \"${PODS_ROOT}/Manifest.lock\" > /dev/null\nif [ $? != 0 ] ; then\n    # print error to STDERR\n    echo \"error: The sandbox is not in sync with the Podfile.lock. Run 'pod install' or update your CocoaPods installation.\" >&2\n    exit 1\nfi\n# This output is used by Xcode 'outputs' to avoid re-running this script phase.\necho \"SUCCESS\" > \"${SCRIPT_OUTPUT_FILE_0}\"\n";
			showEnvVarsInLog = 0;
		};
/* End PBXShellScriptBuildPhase section */

/* Begin PBXSourcesBuildPhase section */
		A5B4F1E7256DB3A4008D0095 /* Sources */ = {
			isa = PBXSourcesBuildPhase;
			buildActionMask = 2147483647;
			files = (
				A5B4F1F3256DB3A4008D0095 /* ViewController.swift in Sources */,
				A55F475B257BEE7900F80B82 /* MyTrophysCell.swift in Sources */,
				A5B4F225256DDBCE008D0095 /* Colors.swift in Sources */,
				A5B4F1EF256DB3A4008D0095 /* AppDelegate.swift in Sources */,
				A55280862573FFF900C35BFD /* RankingTableCell.swift in Sources */,
				A5B4F22F256ECE8D008D0095 /* ProfesorCollectionCell.swift in Sources */,
				A55F4760257E917C00F80B82 /* MyExpCell.swift in Sources */,
				A5B4F1F1256DB3A4008D0095 /* SceneDelegate.swift in Sources */,
				A550153E260ED8AF00E3040F /* ZoneTableCell.swift in Sources */,
				A5B4F239256F506A008D0095 /* InscriptionsVC.swift in Sources */,
				A5535F5A257321AA00C68F16 /* UserRankingVC.swift in Sources */,
				A5B4F24825700CF4008D0095 /* AllStructs.swift in Sources */,
				A5B4F234256F2384008D0095 /* TorneosTableCell.swift in Sources */,
				A5535F4D25716B0000C68F16 /* NewsCollectionCell.swift in Sources */,
				A5501536260EB99F00E3040F /* TouramentVC.swift in Sources */,
				A5B4F22A256EB23D008D0095 /* UserMainVC.swift in Sources */,
				A55388782576B895005AFC67 /* PointsCell.swift in Sources */,
				A5535F5225731E1E00C68F16 /* UserMainTabBar.swift in Sources */,
				A5B4F24D25702028008D0095 /* TorneoInfoCell.swift in Sources */,
				A5535F62257321BA00C68F16 /* UserPerfilVC.swift in Sources */,
				A5B4F24025700A1E008D0095 /* InscriptionsCell.swift in Sources */,
				A5501530260EB39600E3040F /* MyTorneosTableCell.swift in Sources */,
			);
			runOnlyForDeploymentPostprocessing = 0;
		};
		A5B4F1FD256DB3A5008D0095 /* Sources */ = {
			isa = PBXSourcesBuildPhase;
			buildActionMask = 2147483647;
			files = (
				A5B4F206256DB3A5008D0095 /* BsAsTennisAcademyTests.swift in Sources */,
			);
			runOnlyForDeploymentPostprocessing = 0;
		};
		A5B4F208256DB3A5008D0095 /* Sources */ = {
			isa = PBXSourcesBuildPhase;
			buildActionMask = 2147483647;
			files = (
				A5B4F211256DB3A5008D0095 /* BsAsTennisAcademyUITests.swift in Sources */,
			);
			runOnlyForDeploymentPostprocessing = 0;
		};
/* End PBXSourcesBuildPhase section */

/* Begin PBXTargetDependency section */
		A5B4F203256DB3A5008D0095 /* PBXTargetDependency */ = {
			isa = PBXTargetDependency;
			target = A5B4F1EA256DB3A4008D0095 /* BsAsTennisAcademy */;
			targetProxy = A5B4F202256DB3A5008D0095 /* PBXContainerItemProxy */;
		};
		A5B4F20E256DB3A5008D0095 /* PBXTargetDependency */ = {
			isa = PBXTargetDependency;
			target = A5B4F1EA256DB3A4008D0095 /* BsAsTennisAcademy */;
			targetProxy = A5B4F20D256DB3A5008D0095 /* PBXContainerItemProxy */;
		};
/* End PBXTargetDependency section */

/* Begin PBXVariantGroup section */
		A5B4F1F9256DB3A5008D0095 /* LaunchScreen.storyboard */ = {
			isa = PBXVariantGroup;
			children = (
				A5B4F1FA256DB3A5008D0095 /* Base */,
			);
			name = LaunchScreen.storyboard;
			sourceTree = "<group>";
		};
/* End PBXVariantGroup section */

/* Begin XCBuildConfiguration section */
		A5B4F213256DB3A5008D0095 /* Debug */ = {
			isa = XCBuildConfiguration;
			buildSettings = {
				ALWAYS_SEARCH_USER_PATHS = NO;
				CLANG_ANALYZER_NONNULL = YES;
				CLANG_ANALYZER_NUMBER_OBJECT_CONVERSION = YES_AGGRESSIVE;
				CLANG_CXX_LANGUAGE_STANDARD = "gnu++14";
				CLANG_CXX_LIBRARY = "libc++";
				CLANG_ENABLE_MODULES = YES;
				CLANG_ENABLE_OBJC_ARC = YES;
				CLANG_ENABLE_OBJC_WEAK = YES;
				CLANG_WARN_BLOCK_CAPTURE_AUTORELEASING = YES;
				CLANG_WARN_BOOL_CONVERSION = YES;
				CLANG_WARN_COMMA = YES;
				CLANG_WARN_CONSTANT_CONVERSION = YES;
				CLANG_WARN_DEPRECATED_OBJC_IMPLEMENTATIONS = YES;
				CLANG_WARN_DIRECT_OBJC_ISA_USAGE = YES_ERROR;
				CLANG_WARN_DOCUMENTATION_COMMENTS = YES;
				CLANG_WARN_EMPTY_BODY = YES;
				CLANG_WARN_ENUM_CONVERSION = YES;
				CLANG_WARN_INFINITE_RECURSION = YES;
				CLANG_WARN_INT_CONVERSION = YES;
				CLANG_WARN_NON_LITERAL_NULL_CONVERSION = YES;
				CLANG_WARN_OBJC_IMPLICIT_RETAIN_SELF = YES;
				CLANG_WARN_OBJC_LITERAL_CONVERSION = YES;
				CLANG_WARN_OBJC_ROOT_CLASS = YES_ERROR;
				CLANG_WARN_QUOTED_INCLUDE_IN_FRAMEWORK_HEADER = YES;
				CLANG_WARN_RANGE_LOOP_ANALYSIS = YES;
				CLANG_WARN_STRICT_PROTOTYPES = YES;
				CLANG_WARN_SUSPICIOUS_MOVE = YES;
				CLANG_WARN_UNGUARDED_AVAILABILITY = YES_AGGRESSIVE;
				CLANG_WARN_UNREACHABLE_CODE = YES;
				CLANG_WARN__DUPLICATE_METHOD_MATCH = YES;
				COPY_PHASE_STRIP = NO;
				DEBUG_INFORMATION_FORMAT = dwarf;
				ENABLE_STRICT_OBJC_MSGSEND = YES;
				ENABLE_TESTABILITY = YES;
				GCC_C_LANGUAGE_STANDARD = gnu11;
				GCC_DYNAMIC_NO_PIC = NO;
				GCC_NO_COMMON_BLOCKS = YES;
				GCC_OPTIMIZATION_LEVEL = 0;
				GCC_PREPROCESSOR_DEFINITIONS = (
					"DEBUG=1",
					"$(inherited)",
				);
				GCC_WARN_64_TO_32_BIT_CONVERSION = YES;
				GCC_WARN_ABOUT_RETURN_TYPE = YES_ERROR;
				GCC_WARN_UNDECLARED_SELECTOR = YES;
				GCC_WARN_UNINITIALIZED_AUTOS = YES_AGGRESSIVE;
				GCC_WARN_UNUSED_FUNCTION = YES;
				GCC_WARN_UNUSED_VARIABLE = YES;
				IPHONEOS_DEPLOYMENT_TARGET = 14.2;
				MTL_ENABLE_DEBUG_INFO = INCLUDE_SOURCE;
				MTL_FAST_MATH = YES;
				ONLY_ACTIVE_ARCH = YES;
				SDKROOT = iphoneos;
				SWIFT_ACTIVE_COMPILATION_CONDITIONS = DEBUG;
				SWIFT_OPTIMIZATION_LEVEL = "-Onone";
			};
			name = Debug;
		};
		A5B4F214256DB3A5008D0095 /* Release */ = {
			isa = XCBuildConfiguration;
			buildSettings = {
				ALWAYS_SEARCH_USER_PATHS = NO;
				CLANG_ANALYZER_NONNULL = YES;
				CLANG_ANALYZER_NUMBER_OBJECT_CONVERSION = YES_AGGRESSIVE;
				CLANG_CXX_LANGUAGE_STANDARD = "gnu++14";
				CLANG_CXX_LIBRARY = "libc++";
				CLANG_ENABLE_MODULES = YES;
				CLANG_ENABLE_OBJC_ARC = YES;
				CLANG_ENABLE_OBJC_WEAK = YES;
				CLANG_WARN_BLOCK_CAPTURE_AUTORELEASING = YES;
				CLANG_WARN_BOOL_CONVERSION = YES;
				CLANG_WARN_COMMA = YES;
				CLANG_WARN_CONSTANT_CONVERSION = YES;
				CLANG_WARN_DEPRECATED_OBJC_IMPLEMENTATIONS = YES;
				CLANG_WARN_DIRECT_OBJC_ISA_USAGE = YES_ERROR;
				CLANG_WARN_DOCUMENTATION_COMMENTS = YES;
				CLANG_WARN_EMPTY_BODY = YES;
				CLANG_WARN_ENUM_CONVERSION = YES;
				CLANG_WARN_INFINITE_RECURSION = YES;
				CLANG_WARN_INT_CONVERSION = YES;
				CLANG_WARN_NON_LITERAL_NULL_CONVERSION = YES;
				CLANG_WARN_OBJC_IMPLICIT_RETAIN_SELF = YES;
				CLANG_WARN_OBJC_LITERAL_CONVERSION = YES;
				CLANG_WARN_OBJC_ROOT_CLASS = YES_ERROR;
				CLANG_WARN_QUOTED_INCLUDE_IN_FRAMEWORK_HEADER = YES;
				CLANG_WARN_RANGE_LOOP_ANALYSIS = YES;
				CLANG_WARN_STRICT_PROTOTYPES = YES;
				CLANG_WARN_SUSPICIOUS_MOVE = YES;
				CLANG_WARN_UNGUARDED_AVAILABILITY = YES_AGGRESSIVE;
				CLANG_WARN_UNREACHABLE_CODE = YES;
				CLANG_WARN__DUPLICATE_METHOD_MATCH = YES;
				COPY_PHASE_STRIP = NO;
				DEBUG_INFORMATION_FORMAT = "dwarf-with-dsym";
				ENABLE_NS_ASSERTIONS = NO;
				ENABLE_STRICT_OBJC_MSGSEND = YES;
				GCC_C_LANGUAGE_STANDARD = gnu11;
				GCC_NO_COMMON_BLOCKS = YES;
				GCC_WARN_64_TO_32_BIT_CONVERSION = YES;
				GCC_WARN_ABOUT_RETURN_TYPE = YES_ERROR;
				GCC_WARN_UNDECLARED_SELECTOR = YES;
				GCC_WARN_UNINITIALIZED_AUTOS = YES_AGGRESSIVE;
				GCC_WARN_UNUSED_FUNCTION = YES;
				GCC_WARN_UNUSED_VARIABLE = YES;
				IPHONEOS_DEPLOYMENT_TARGET = 14.2;
				MTL_ENABLE_DEBUG_INFO = NO;
				MTL_FAST_MATH = YES;
				SDKROOT = iphoneos;
				SWIFT_COMPILATION_MODE = wholemodule;
				SWIFT_OPTIMIZATION_LEVEL = "-O";
				VALIDATE_PRODUCT = YES;
			};
			name = Release;
		};
		A5B4F216256DB3A5008D0095 /* Debug */ = {
			isa = XCBuildConfiguration;
			baseConfigurationReference = AAFB6E78309A9FF28CF918D5 /* Pods-BsAsTennisAcademy.debug.xcconfig */;
			buildSettings = {
				ASSETCATALOG_COMPILER_APPICON_NAME = AppIcon;
				ASSETCATALOG_COMPILER_GLOBAL_ACCENT_COLOR_NAME = AccentColor;
				CODE_SIGN_STYLE = Automatic;
				DEVELOPMENT_TEAM = 76TJX7A5JB;
				INFOPLIST_FILE = BsAsTennisAcademy/Info.plist;
				LD_RUNPATH_SEARCH_PATHS = (
					"$(inherited)",
					"@executable_path/Frameworks",
				);
				PRODUCT_BUNDLE_IDENTIFIER = com.emdev.BsAsTennisAcademy;
				PRODUCT_NAME = "$(TARGET_NAME)";
				SWIFT_VERSION = 5.0;
				TARGETED_DEVICE_FAMILY = "1,2";
			};
			name = Debug;
		};
		A5B4F217256DB3A5008D0095 /* Release */ = {
			isa = XCBuildConfiguration;
			baseConfigurationReference = B6801DD9E85BACA3DCC76B8F /* Pods-BsAsTennisAcademy.release.xcconfig */;
			buildSettings = {
				ASSETCATALOG_COMPILER_APPICON_NAME = AppIcon;
				ASSETCATALOG_COMPILER_GLOBAL_ACCENT_COLOR_NAME = AccentColor;
				CODE_SIGN_STYLE = Automatic;
				DEVELOPMENT_TEAM = 76TJX7A5JB;
				INFOPLIST_FILE = BsAsTennisAcademy/Info.plist;
				LD_RUNPATH_SEARCH_PATHS = (
					"$(inherited)",
					"@executable_path/Frameworks",
				);
				PRODUCT_BUNDLE_IDENTIFIER = com.emdev.BsAsTennisAcademy;
				PRODUCT_NAME = "$(TARGET_NAME)";
				SWIFT_VERSION = 5.0;
				TARGETED_DEVICE_FAMILY = "1,2";
			};
			name = Release;
		};
		A5B4F219256DB3A5008D0095 /* Debug */ = {
			isa = XCBuildConfiguration;
			buildSettings = {
				ALWAYS_EMBED_SWIFT_STANDARD_LIBRARIES = YES;
				BUNDLE_LOADER = "$(TEST_HOST)";
				CODE_SIGN_STYLE = Automatic;
				DEVELOPMENT_TEAM = 76TJX7A5JB;
				INFOPLIST_FILE = BsAsTennisAcademyTests/Info.plist;
				IPHONEOS_DEPLOYMENT_TARGET = 14.2;
				LD_RUNPATH_SEARCH_PATHS = (
					"$(inherited)",
					"@executable_path/Frameworks",
					"@loader_path/Frameworks",
				);
				PRODUCT_BUNDLE_IDENTIFIER = com.luke.BsAsTennisAcademyTests;
				PRODUCT_NAME = "$(TARGET_NAME)";
				SWIFT_VERSION = 5.0;
				TARGETED_DEVICE_FAMILY = "1,2";
				TEST_HOST = "$(BUILT_PRODUCTS_DIR)/BsAsTennisAcademy.app/BsAsTennisAcademy";
			};
			name = Debug;
		};
		A5B4F21A256DB3A5008D0095 /* Release */ = {
			isa = XCBuildConfiguration;
			buildSettings = {
				ALWAYS_EMBED_SWIFT_STANDARD_LIBRARIES = YES;
				BUNDLE_LOADER = "$(TEST_HOST)";
				CODE_SIGN_STYLE = Automatic;
				DEVELOPMENT_TEAM = 76TJX7A5JB;
				INFOPLIST_FILE = BsAsTennisAcademyTests/Info.plist;
				IPHONEOS_DEPLOYMENT_TARGET = 14.2;
				LD_RUNPATH_SEARCH_PATHS = (
					"$(inherited)",
					"@executable_path/Frameworks",
					"@loader_path/Frameworks",
				);
				PRODUCT_BUNDLE_IDENTIFIER = com.luke.BsAsTennisAcademyTests;
				PRODUCT_NAME = "$(TARGET_NAME)";
				SWIFT_VERSION = 5.0;
				TARGETED_DEVICE_FAMILY = "1,2";
				TEST_HOST = "$(BUILT_PRODUCTS_DIR)/BsAsTennisAcademy.app/BsAsTennisAcademy";
			};
			name = Release;
		};
		A5B4F21C256DB3A5008D0095 /* Debug */ = {
			isa = XCBuildConfiguration;
			buildSettings = {
				ALWAYS_EMBED_SWIFT_STANDARD_LIBRARIES = YES;
				CODE_SIGN_STYLE = Automatic;
				DEVELOPMENT_TEAM = 76TJX7A5JB;
				INFOPLIST_FILE = BsAsTennisAcademyUITests/Info.plist;
				LD_RUNPATH_SEARCH_PATHS = (
					"$(inherited)",
					"@executable_path/Frameworks",
					"@loader_path/Frameworks",
				);
				PRODUCT_BUNDLE_IDENTIFIER = com.luke.BsAsTennisAcademyUITests;
				PRODUCT_NAME = "$(TARGET_NAME)";
				SWIFT_VERSION = 5.0;
				TARGETED_DEVICE_FAMILY = "1,2";
				TEST_TARGET_NAME = BsAsTennisAcademy;
			};
			name = Debug;
		};
		A5B4F21D256DB3A5008D0095 /* Release */ = {
			isa = XCBuildConfiguration;
			buildSettings = {
				ALWAYS_EMBED_SWIFT_STANDARD_LIBRARIES = YES;
				CODE_SIGN_STYLE = Automatic;
				DEVELOPMENT_TEAM = 76TJX7A5JB;
				INFOPLIST_FILE = BsAsTennisAcademyUITests/Info.plist;
				LD_RUNPATH_SEARCH_PATHS = (
					"$(inherited)",
					"@executable_path/Frameworks",
					"@loader_path/Frameworks",
				);
				PRODUCT_BUNDLE_IDENTIFIER = com.luke.BsAsTennisAcademyUITests;
				PRODUCT_NAME = "$(TARGET_NAME)";
				SWIFT_VERSION = 5.0;
				TARGETED_DEVICE_FAMILY = "1,2";
				TEST_TARGET_NAME = BsAsTennisAcademy;
			};
			name = Release;
		};
/* End XCBuildConfiguration section */

/* Begin XCConfigurationList section */
		A5B4F1E6256DB3A4008D0095 /* Build configuration list for PBXProject "BsAsTennisAcademy" */ = {
			isa = XCConfigurationList;
			buildConfigurations = (
				A5B4F213256DB3A5008D0095 /* Debug */,
				A5B4F214256DB3A5008D0095 /* Release */,
			);
			defaultConfigurationIsVisible = 0;
			defaultConfigurationName = Release;
		};
		A5B4F215256DB3A5008D0095 /* Build configuration list for PBXNativeTarget "BsAsTennisAcademy" */ = {
			isa = XCConfigurationList;
			buildConfigurations = (
				A5B4F216256DB3A5008D0095 /* Debug */,
				A5B4F217256DB3A5008D0095 /* Release */,
			);
			defaultConfigurationIsVisible = 0;
			defaultConfigurationName = Release;
		};
		A5B4F218256DB3A5008D0095 /* Build configuration list for PBXNativeTarget "BsAsTennisAcademyTests" */ = {
			isa = XCConfigurationList;
			buildConfigurations = (
				A5B4F219256DB3A5008D0095 /* Debug */,
				A5B4F21A256DB3A5008D0095 /* Release */,
			);
			defaultConfigurationIsVisible = 0;
			defaultConfigurationName = Release;
		};
		A5B4F21B256DB3A5008D0095 /* Build configuration list for PBXNativeTarget "BsAsTennisAcademyUITests" */ = {
			isa = XCConfigurationList;
			buildConfigurations = (
				A5B4F21C256DB3A5008D0095 /* Debug */,
				A5B4F21D256DB3A5008D0095 /* Release */,
			);
			defaultConfigurationIsVisible = 0;
			defaultConfigurationName = Release;
		};
/* End XCConfigurationList section */
	};
	rootObject = A5B4F1E3256DB3A4008D0095 /* Project object */;
}
